// !$*UTF8*$!
{
	archiveVersion = 1;
	classes = {
	};
	objectVersion = 46;
	objects = {

/* Begin PBXBuildFile section */
		7F8C9D6E1B24A77800419028 /* JSSTabBarViewController.m in Sources */ = {isa = PBXBuildFile; fileRef = 7F8C9D6D1B24A77800419028 /* JSSTabBarViewController.m */; };
		7F8C9D721B24A98D00419028 /* JSSTest1ViewController.m in Sources */ = {isa = PBXBuildFile; fileRef = 7F8C9D701B24A98D00419028 /* JSSTest1ViewController.m */; };
		7F8C9D731B24A98D00419028 /* JSSTest1ViewController.xib in Resources */ = {isa = PBXBuildFile; fileRef = 7F8C9D711B24A98D00419028 /* JSSTest1ViewController.xib */; };
		7F8C9D771B24A9A600419028 /* JSSTest2ViewController.m in Sources */ = {isa = PBXBuildFile; fileRef = 7F8C9D751B24A9A600419028 /* JSSTest2ViewController.m */; };
		7F8C9D781B24A9A600419028 /* JSSTest2ViewController.xib in Resources */ = {isa = PBXBuildFile; fileRef = 7F8C9D761B24A9A600419028 /* JSSTest2ViewController.xib */; };
		7F987D051B2483FE0096BBAA /* JSSAppDelegate.m in Sources */ = {isa = PBXBuildFile; fileRef = 7F987D031B2483FE0096BBAA /* JSSAppDelegate.m */; };
		7F987D061B2483FE0096BBAA /* main.m in Sources */ = {isa = PBXBuildFile; fileRef = 7F987D041B2483FE0096BBAA /* main.m */; };
		7F987D091B2495150096BBAA /* JSSHomeViewController.m in Sources */ = {isa = PBXBuildFile; fileRef = 7F987D081B2495150096BBAA /* JSSHomeViewController.m */; };
		7F987D0C1B2495280096BBAA /* JSSMessageCenterViewController.m in Sources */ = {isa = PBXBuildFile; fileRef = 7F987D0B1B2495280096BBAA /* JSSMessageCenterViewController.m */; };
		7F987D0F1B2495370096BBAA /* JSSDiscoverViewController.m in Sources */ = {isa = PBXBuildFile; fileRef = 7F987D0E1B2495370096BBAA /* JSSDiscoverViewController.m */; };
		7F987D121B2495470096BBAA /* JSSProfileViewController.m in Sources */ = {isa = PBXBuildFile; fileRef = 7F987D111B2495470096BBAA /* JSSProfileViewController.m */; };
		7FFD45D31B24677C00A7F4BF /* Foundation.framework in Frameworks */ = {isa = PBXBuildFile; fileRef = 7FFD45D21B24677C00A7F4BF /* Foundation.framework */; };
		7FFD45D51B24677C00A7F4BF /* CoreGraphics.framework in Frameworks */ = {isa = PBXBuildFile; fileRef = 7FFD45D41B24677C00A7F4BF /* CoreGraphics.framework */; };
		7FFD45D71B24677C00A7F4BF /* UIKit.framework in Frameworks */ = {isa = PBXBuildFile; fileRef = 7FFD45D61B24677C00A7F4BF /* UIKit.framework */; };
		7FFD45DD1B24677C00A7F4BF /* InfoPlist.strings in Resources */ = {isa = PBXBuildFile; fileRef = 7FFD45DB1B24677C00A7F4BF /* InfoPlist.strings */; };
		7FFD45EB1B24677C00A7F4BF /* Images.xcassets in Resources */ = {isa = PBXBuildFile; fileRef = 7FFD45EA1B24677C00A7F4BF /* Images.xcassets */; };
		7FFD45F21B24677C00A7F4BF /* XCTest.framework in Frameworks */ = {isa = PBXBuildFile; fileRef = 7FFD45F11B24677C00A7F4BF /* XCTest.framework */; };
		7FFD45F31B24677C00A7F4BF /* Foundation.framework in Frameworks */ = {isa = PBXBuildFile; fileRef = 7FFD45D21B24677C00A7F4BF /* Foundation.framework */; };
		7FFD45F41B24677C00A7F4BF /* UIKit.framework in Frameworks */ = {isa = PBXBuildFile; fileRef = 7FFD45D61B24677C00A7F4BF /* UIKit.framework */; };
		7FFD45FC1B24677C00A7F4BF /* InfoPlist.strings in Resources */ = {isa = PBXBuildFile; fileRef = 7FFD45FA1B24677C00A7F4BF /* InfoPlist.strings */; };
		7FFD45FE1B24677C00A7F4BF /* ____Tests.m in Sources */ = {isa = PBXBuildFile; fileRef = 7FFD45FD1B24677C00A7F4BF /* ____Tests.m */; };
/* End PBXBuildFile section */

/* Begin PBXContainerItemProxy section */
		7FFD45F51B24677C00A7F4BF /* PBXContainerItemProxy */ = {
			isa = PBXContainerItemProxy;
			containerPortal = 7FFD45C71B24677C00A7F4BF /* Project object */;
			proxyType = 1;
			remoteGlobalIDString = 7FFD45CE1B24677C00A7F4BF;
			remoteInfo = "高仿微博";
		};
/* End PBXContainerItemProxy section */

/* Begin PBXFileReference section */
		7F8C9D6C1B24A77800419028 /* JSSTabBarViewController.h */ = {isa = PBXFileReference; fileEncoding = 4; lastKnownFileType = sourcecode.c.h; path = JSSTabBarViewController.h; sourceTree = "<group>"; };
		7F8C9D6D1B24A77800419028 /* JSSTabBarViewController.m */ = {isa = PBXFileReference; fileEncoding = 4; lastKnownFileType = sourcecode.c.objc; path = JSSTabBarViewController.m; sourceTree = "<group>"; };
		7F8C9D6F1B24A98D00419028 /* JSSTest1ViewController.h */ = {isa = PBXFileReference; fileEncoding = 4; lastKnownFileType = sourcecode.c.h; path = JSSTest1ViewController.h; sourceTree = "<group>"; };
		7F8C9D701B24A98D00419028 /* JSSTest1ViewController.m */ = {isa = PBXFileReference; fileEncoding = 4; lastKnownFileType = sourcecode.c.objc; path = JSSTest1ViewController.m; sourceTree = "<group>"; };
		7F8C9D711B24A98D00419028 /* JSSTest1ViewController.xib */ = {isa = PBXFileReference; fileEncoding = 4; lastKnownFileType = file.xib; path = JSSTest1ViewController.xib; sourceTree = "<group>"; };
		7F8C9D741B24A9A600419028 /* JSSTest2ViewController.h */ = {isa = PBXFileReference; fileEncoding = 4; lastKnownFileType = sourcecode.c.h; path = JSSTest2ViewController.h; sourceTree = "<group>"; };
		7F8C9D751B24A9A600419028 /* JSSTest2ViewController.m */ = {isa = PBXFileReference; fileEncoding = 4; lastKnownFileType = sourcecode.c.objc; path = JSSTest2ViewController.m; sourceTree = "<group>"; };
		7F8C9D761B24A9A600419028 /* JSSTest2ViewController.xib */ = {isa = PBXFileReference; fileEncoding = 4; lastKnownFileType = file.xib; path = JSSTest2ViewController.xib; sourceTree = "<group>"; };
		7F987D021B2483FE0096BBAA /* JSSAppDelegate.h */ = {isa = PBXFileReference; fileEncoding = 4; lastKnownFileType = sourcecode.c.h; path = JSSAppDelegate.h; sourceTree = "<group>"; };
		7F987D031B2483FE0096BBAA /* JSSAppDelegate.m */ = {isa = PBXFileReference; fileEncoding = 4; lastKnownFileType = sourcecode.c.objc; path = JSSAppDelegate.m; sourceTree = "<group>"; };
		7F987D041B2483FE0096BBAA /* main.m */ = {isa = PBXFileReference; fileEncoding = 4; lastKnownFileType = sourcecode.c.objc; path = main.m; sourceTree = "<group>"; };
		7F987D071B2495150096BBAA /* JSSHomeViewController.h */ = {isa = PBXFileReference; fileEncoding = 4; lastKnownFileType = sourcecode.c.h; path = JSSHomeViewController.h; sourceTree = "<group>"; };
		7F987D081B2495150096BBAA /* JSSHomeViewController.m */ = {isa = PBXFileReference; fileEncoding = 4; lastKnownFileType = sourcecode.c.objc; path = JSSHomeViewController.m; sourceTree = "<group>"; };
		7F987D0A1B2495280096BBAA /* JSSMessageCenterViewController.h */ = {isa = PBXFileReference; fileEncoding = 4; lastKnownFileType = sourcecode.c.h; path = JSSMessageCenterViewController.h; sourceTree = "<group>"; };
		7F987D0B1B2495280096BBAA /* JSSMessageCenterViewController.m */ = {isa = PBXFileReference; fileEncoding = 4; lastKnownFileType = sourcecode.c.objc; path = JSSMessageCenterViewController.m; sourceTree = "<group>"; };
		7F987D0D1B2495370096BBAA /* JSSDiscoverViewController.h */ = {isa = PBXFileReference; fileEncoding = 4; lastKnownFileType = sourcecode.c.h; path = JSSDiscoverViewController.h; sourceTree = "<group>"; };
		7F987D0E1B2495370096BBAA /* JSSDiscoverViewController.m */ = {isa = PBXFileReference; fileEncoding = 4; lastKnownFileType = sourcecode.c.objc; path = JSSDiscoverViewController.m; sourceTree = "<group>"; };
		7F987D101B2495470096BBAA /* JSSProfileViewController.h */ = {isa = PBXFileReference; fileEncoding = 4; lastKnownFileType = sourcecode.c.h; path = JSSProfileViewController.h; sourceTree = "<group>"; };
		7F987D111B2495470096BBAA /* JSSProfileViewController.m */ = {isa = PBXFileReference; fileEncoding = 4; lastKnownFileType = sourcecode.c.objc; path = JSSProfileViewController.m; sourceTree = "<group>"; };
		7FFD45CF1B24677C00A7F4BF /* 高仿微博.app */ = {isa = PBXFileReference; explicitFileType = wrapper.application; includeInIndex = 0; path = "高仿微博.app"; sourceTree = BUILT_PRODUCTS_DIR; };
		7FFD45D21B24677C00A7F4BF /* Foundation.framework */ = {isa = PBXFileReference; lastKnownFileType = wrapper.framework; name = Foundation.framework; path = System/Library/Frameworks/Foundation.framework; sourceTree = SDKROOT; };
		7FFD45D41B24677C00A7F4BF /* CoreGraphics.framework */ = {isa = PBXFileReference; lastKnownFileType = wrapper.framework; name = CoreGraphics.framework; path = System/Library/Frameworks/CoreGraphics.framework; sourceTree = SDKROOT; };
		7FFD45D61B24677C00A7F4BF /* UIKit.framework */ = {isa = PBXFileReference; lastKnownFileType = wrapper.framework; name = UIKit.framework; path = System/Library/Frameworks/UIKit.framework; sourceTree = SDKROOT; };
		7FFD45DA1B24677C00A7F4BF /* 高仿微博-Info.plist */ = {isa = PBXFileReference; lastKnownFileType = text.plist.xml; path = "高仿微博-Info.plist"; sourceTree = "<group>"; };
		7FFD45DC1B24677C00A7F4BF /* en */ = {isa = PBXFileReference; lastKnownFileType = text.plist.strings; name = en; path = en.lproj/InfoPlist.strings; sourceTree = "<group>"; };
		7FFD45E01B24677C00A7F4BF /* 高仿微博-Prefix.pch */ = {isa = PBXFileReference; lastKnownFileType = sourcecode.c.h; path = "高仿微博-Prefix.pch"; sourceTree = "<group>"; };
		7FFD45EA1B24677C00A7F4BF /* Images.xcassets */ = {isa = PBXFileReference; lastKnownFileType = folder.assetcatalog; path = Images.xcassets; sourceTree = "<group>"; };
		7FFD45F01B24677C00A7F4BF /* 高仿微博Tests.xctest */ = {isa = PBXFileReference; explicitFileType = wrapper.cfbundle; includeInIndex = 0; path = "高仿微博Tests.xctest"; sourceTree = BUILT_PRODUCTS_DIR; };
		7FFD45F11B24677C00A7F4BF /* XCTest.framework */ = {isa = PBXFileReference; lastKnownFileType = wrapper.framework; name = XCTest.framework; path = Library/Frameworks/XCTest.framework; sourceTree = DEVELOPER_DIR; };
		7FFD45F91B24677C00A7F4BF /* 高仿微博Tests-Info.plist */ = {isa = PBXFileReference; lastKnownFileType = text.plist.xml; path = "高仿微博Tests-Info.plist"; sourceTree = "<group>"; };
		7FFD45FB1B24677C00A7F4BF /* en */ = {isa = PBXFileReference; lastKnownFileType = text.plist.strings; name = en; path = en.lproj/InfoPlist.strings; sourceTree = "<group>"; };
		7FFD45FD1B24677C00A7F4BF /* ____Tests.m */ = {isa = PBXFileReference; lastKnownFileType = sourcecode.c.objc; path = "____Tests.m"; sourceTree = "<group>"; };
/* End PBXFileReference section */

/* Begin PBXFrameworksBuildPhase section */
		7FFD45CC1B24677C00A7F4BF /* Frameworks */ = {
			isa = PBXFrameworksBuildPhase;
			buildActionMask = 2147483647;
			files = (
				7FFD45D51B24677C00A7F4BF /* CoreGraphics.framework in Frameworks */,
				7FFD45D71B24677C00A7F4BF /* UIKit.framework in Frameworks */,
				7FFD45D31B24677C00A7F4BF /* Foundation.framework in Frameworks */,
			);
			runOnlyForDeploymentPostprocessing = 0;
		};
		7FFD45ED1B24677C00A7F4BF /* Frameworks */ = {
			isa = PBXFrameworksBuildPhase;
			buildActionMask = 2147483647;
			files = (
				7FFD45F21B24677C00A7F4BF /* XCTest.framework in Frameworks */,
				7FFD45F41B24677C00A7F4BF /* UIKit.framework in Frameworks */,
				7FFD45F31B24677C00A7F4BF /* Foundation.framework in Frameworks */,
			);
			runOnlyForDeploymentPostprocessing = 0;
		};
/* End PBXFrameworksBuildPhase section */

/* Begin PBXGroup section */
		7F987D011B2483FE0096BBAA /* Classes */ = {
			isa = PBXGroup;
			children = (
				7F987D041B2483FE0096BBAA /* main.m */,
				7F987D021B2483FE0096BBAA /* JSSAppDelegate.h */,
				7F987D031B2483FE0096BBAA /* JSSAppDelegate.m */,
				7F987D071B2495150096BBAA /* JSSHomeViewController.h */,
				7F987D081B2495150096BBAA /* JSSHomeViewController.m */,
				7F987D0A1B2495280096BBAA /* JSSMessageCenterViewController.h */,
				7F987D0B1B2495280096BBAA /* JSSMessageCenterViewController.m */,
				7F987D0D1B2495370096BBAA /* JSSDiscoverViewController.h */,
				7F987D0E1B2495370096BBAA /* JSSDiscoverViewController.m */,
				7F987D101B2495470096BBAA /* JSSProfileViewController.h */,
				7F987D111B2495470096BBAA /* JSSProfileViewController.m */,
				7F8C9D6C1B24A77800419028 /* JSSTabBarViewController.h */,
				7F8C9D6D1B24A77800419028 /* JSSTabBarViewController.m */,
				7F8C9D6F1B24A98D00419028 /* JSSTest1ViewController.h */,
				7F8C9D701B24A98D00419028 /* JSSTest1ViewController.m */,
				7F8C9D711B24A98D00419028 /* JSSTest1ViewController.xib */,
				7F8C9D741B24A9A600419028 /* JSSTest2ViewController.h */,
				7F8C9D751B24A9A600419028 /* JSSTest2ViewController.m */,
				7F8C9D761B24A9A600419028 /* JSSTest2ViewController.xib */,
			);
			path = Classes;
			sourceTree = "<group>";
		};
		7FFD45C61B24677C00A7F4BF = {
			isa = PBXGroup;
			children = (
				7FFD45D81B24677C00A7F4BF /* 高仿微博 */,
				7FFD45F71B24677C00A7F4BF /* 高仿微博Tests */,
				7FFD45D11B24677C00A7F4BF /* Frameworks */,
				7FFD45D01B24677C00A7F4BF /* Products */,
			);
			sourceTree = "<group>";
		};
		7FFD45D01B24677C00A7F4BF /* Products */ = {
			isa = PBXGroup;
			children = (
				7FFD45CF1B24677C00A7F4BF /* 高仿微博.app */,
				7FFD45F01B24677C00A7F4BF /* 高仿微博Tests.xctest */,
			);
			name = Products;
			sourceTree = "<group>";
		};
		7FFD45D11B24677C00A7F4BF /* Frameworks */ = {
			isa = PBXGroup;
			children = (
				7FFD45D21B24677C00A7F4BF /* Foundation.framework */,
				7FFD45D41B24677C00A7F4BF /* CoreGraphics.framework */,
				7FFD45D61B24677C00A7F4BF /* UIKit.framework */,
				7FFD45F11B24677C00A7F4BF /* XCTest.framework */,
			);
			name = Frameworks;
			sourceTree = "<group>";
		};
		7FFD45D81B24677C00A7F4BF /* 高仿微博 */ = {
			isa = PBXGroup;
			children = (
				7F987D011B2483FE0096BBAA /* Classes */,
				7FFD45D91B24677C00A7F4BF /* Supporting Files */,
			);
			path = "高仿微博";
			sourceTree = "<group>";
		};
		7FFD45D91B24677C00A7F4BF /* Supporting Files */ = {
			isa = PBXGroup;
			children = (
				7FFD45EA1B24677C00A7F4BF /* Images.xcassets */,
				7FFD45DA1B24677C00A7F4BF /* 高仿微博-Info.plist */,
				7FFD45DB1B24677C00A7F4BF /* InfoPlist.strings */,
				7FFD45E01B24677C00A7F4BF /* 高仿微博-Prefix.pch */,
			);
			name = "Supporting Files";
			sourceTree = "<group>";
		};
		7FFD45F71B24677C00A7F4BF /* 高仿微博Tests */ = {
			isa = PBXGroup;
			children = (
				7FFD45FD1B24677C00A7F4BF /* ____Tests.m */,
				7FFD45F81B24677C00A7F4BF /* Supporting Files */,
			);
			path = "高仿微博Tests";
			sourceTree = "<group>";
		};
		7FFD45F81B24677C00A7F4BF /* Supporting Files */ = {
			isa = PBXGroup;
			children = (
				7FFD45F91B24677C00A7F4BF /* 高仿微博Tests-Info.plist */,
				7FFD45FA1B24677C00A7F4BF /* InfoPlist.strings */,
			);
			name = "Supporting Files";
			sourceTree = "<group>";
		};
/* End PBXGroup section */

/* Begin PBXNativeTarget section */
		7FFD45CE1B24677C00A7F4BF /* 高仿微博 */ = {
			isa = PBXNativeTarget;
			buildConfigurationList = 7FFD46011B24677C00A7F4BF /* Build configuration list for PBXNativeTarget "高仿微博" */;
			buildPhases = (
				7FFD45CB1B24677C00A7F4BF /* Sources */,
				7FFD45CC1B24677C00A7F4BF /* Frameworks */,
				7FFD45CD1B24677C00A7F4BF /* Resources */,
			);
			buildRules = (
			);
			dependencies = (
			);
			name = "高仿微博";
			productName = "高仿微博";
			productReference = 7FFD45CF1B24677C00A7F4BF /* 高仿微博.app */;
			productType = "com.apple.product-type.application";
		};
		7FFD45EF1B24677C00A7F4BF /* 高仿微博Tests */ = {
			isa = PBXNativeTarget;
			buildConfigurationList = 7FFD46041B24677C00A7F4BF /* Build configuration list for PBXNativeTarget "高仿微博Tests" */;
			buildPhases = (
				7FFD45EC1B24677C00A7F4BF /* Sources */,
				7FFD45ED1B24677C00A7F4BF /* Frameworks */,
				7FFD45EE1B24677C00A7F4BF /* Resources */,
			);
			buildRules = (
			);
			dependencies = (
				7FFD45F61B24677C00A7F4BF /* PBXTargetDependency */,
			);
			name = "高仿微博Tests";
			productName = "高仿微博Tests";
			productReference = 7FFD45F01B24677C00A7F4BF /* 高仿微博Tests.xctest */;
			productType = "com.apple.product-type.bundle.unit-test";
		};
/* End PBXNativeTarget section */

/* Begin PBXProject section */
		7FFD45C71B24677C00A7F4BF /* Project object */ = {
			isa = PBXProject;
			attributes = {
				CLASSPREFIX = JSS;
				LastUpgradeCheck = 0510;
				ORGANIZATIONNAME = JiShangsong;
				TargetAttributes = {
					7FFD45EF1B24677C00A7F4BF = {
						TestTargetID = 7FFD45CE1B24677C00A7F4BF;
					};
				};
			};
			buildConfigurationList = 7FFD45CA1B24677C00A7F4BF /* Build configuration list for PBXProject "高仿微博" */;
			compatibilityVersion = "Xcode 3.2";
			developmentRegion = English;
			hasScannedForEncodings = 0;
			knownRegions = (
				en,
				Base,
			);
			mainGroup = 7FFD45C61B24677C00A7F4BF;
			productRefGroup = 7FFD45D01B24677C00A7F4BF /* Products */;
			projectDirPath = "";
			projectRoot = "";
			targets = (
				7FFD45CE1B24677C00A7F4BF /* 高仿微博 */,
				7FFD45EF1B24677C00A7F4BF /* 高仿微博Tests */,
			);
		};
/* End PBXProject section */

/* Begin PBXResourcesBuildPhase section */
		7FFD45CD1B24677C00A7F4BF /* Resources */ = {
			isa = PBXResourcesBuildPhase;
			buildActionMask = 2147483647;
			files = (
				7F8C9D781B24A9A600419028 /* JSSTest2ViewController.xib in Resources */,
				7FFD45EB1B24677C00A7F4BF /* Images.xcassets in Resources */,
				7FFD45DD1B24677C00A7F4BF /* InfoPlist.strings in Resources */,
				7F8C9D731B24A98D00419028 /* JSSTest1ViewController.xib in Resources */,
			);
			runOnlyForDeploymentPostprocessing = 0;
		};
		7FFD45EE1B24677C00A7F4BF /* Resources */ = {
			isa = PBXResourcesBuildPhase;
			buildActionMask = 2147483647;
			files = (
				7FFD45FC1B24677C00A7F4BF /* InfoPlist.strings in Resources */,
			);
			runOnlyForDeploymentPostprocessing = 0;
		};
/* End PBXResourcesBuildPhase section */

/* Begin PBXSourcesBuildPhase section */
		7FFD45CB1B24677C00A7F4BF /* Sources */ = {
			isa = PBXSourcesBuildPhase;
			buildActionMask = 2147483647;
			files = (
				7F987D0C1B2495280096BBAA /* JSSMessageCenterViewController.m in Sources */,
				7F8C9D771B24A9A600419028 /* JSSTest2ViewController.m in Sources */,
				7F987D061B2483FE0096BBAA /* main.m in Sources */,
				7F8C9D6E1B24A77800419028 /* JSSTabBarViewController.m in Sources */,
				7F8C9D721B24A98D00419028 /* JSSTest1ViewController.m in Sources */,
				7F987D091B2495150096BBAA /* JSSHomeViewController.m in Sources */,
				7F987D051B2483FE0096BBAA /* JSSAppDelegate.m in Sources */,
				7F987D0F1B2495370096BBAA /* JSSDiscoverViewController.m in Sources */,
				7F987D121B2495470096BBAA /* JSSProfileViewController.m in Sources */,
			);
			runOnlyForDeploymentPostprocessing = 0;
		};
		7FFD45EC1B24677C00A7F4BF /* Sources */ = {
			isa = PBXSourcesBuildPhase;
			buildActionMask = 2147483647;
			files = (
				7FFD45FE1B24677C00A7F4BF /* ____Tests.m in Sources */,
			);
			runOnlyForDeploymentPostprocessing = 0;
		};
/* End PBXSourcesBuildPhase section */

/* Begin PBXTargetDependency section */
		7FFD45F61B24677C00A7F4BF /* PBXTargetDependency */ = {
			isa = PBXTargetDependency;
			target = 7FFD45CE1B24677C00A7F4BF /* 高仿微博 */;
			targetProxy = 7FFD45F51B24677C00A7F4BF /* PBXContainerItemProxy */;
		};
/* End PBXTargetDependency section */

/* Begin PBXVariantGroup section */
		7FFD45DB1B24677C00A7F4BF /* InfoPlist.strings */ = {
			isa = PBXVariantGroup;
			children = (
				7FFD45DC1B24677C00A7F4BF /* en */,
			);
			name = InfoPlist.strings;
			sourceTree = "<group>";
		};
		7FFD45FA1B24677C00A7F4BF /* InfoPlist.strings */ = {
			isa = PBXVariantGroup;
			children = (
				7FFD45FB1B24677C00A7F4BF /* en */,
			);
			name = InfoPlist.strings;
			sourceTree = "<group>";
		};
/* End PBXVariantGroup section */

/* Begin XCBuildConfiguration section */
		7FFD45FF1B24677C00A7F4BF /* Debug */ = {
			isa = XCBuildConfiguration;
			buildSettings = {
				ALWAYS_SEARCH_USER_PATHS = NO;
				CLANG_CXX_LANGUAGE_STANDARD = "gnu++0x";
				CLANG_CXX_LIBRARY = "libc++";
				CLANG_ENABLE_MODULES = YES;
				CLANG_ENABLE_OBJC_ARC = YES;
				CLANG_WARN_BOOL_CONVERSION = YES;
				CLANG_WARN_CONSTANT_CONVERSION = YES;
				CLANG_WARN_DIRECT_OBJC_ISA_USAGE = YES_ERROR;
				CLANG_WARN_EMPTY_BODY = YES;
				CLANG_WARN_ENUM_CONVERSION = YES;
				CLANG_WARN_INT_CONVERSION = YES;
				CLANG_WARN_OBJC_ROOT_CLASS = YES_ERROR;
				CLANG_WARN__DUPLICATE_METHOD_MATCH = YES;
				"CODE_SIGN_IDENTITY[sdk=iphoneos*]" = "iPhone Developer";
				COPY_PHASE_STRIP = NO;
				GCC_C_LANGUAGE_STANDARD = gnu99;
				GCC_DYNAMIC_NO_PIC = NO;
				GCC_OPTIMIZATION_LEVEL = 0;
				GCC_PREPROCESSOR_DEFINITIONS = (
					"DEBUG=1",
					"$(inherited)",
				);
				GCC_SYMBOLS_PRIVATE_EXTERN = NO;
				GCC_WARN_64_TO_32_BIT_CONVERSION = YES;
				GCC_WARN_ABOUT_RETURN_TYPE = YES_ERROR;
				GCC_WARN_UNDECLARED_SELECTOR = YES;
				GCC_WARN_UNINITIALIZED_AUTOS = YES_AGGRESSIVE;
				GCC_WARN_UNUSED_FUNCTION = YES;
				GCC_WARN_UNUSED_VARIABLE = YES;
				IPHONEOS_DEPLOYMENT_TARGET = 7.1;
				ONLY_ACTIVE_ARCH = YES;
				SDKROOT = iphoneos;
			};
			name = Debug;
		};
		7FFD46001B24677C00A7F4BF /* Release */ = {
			isa = XCBuildConfiguration;
			buildSettings = {
				ALWAYS_SEARCH_USER_PATHS = NO;
				CLANG_CXX_LANGUAGE_STANDARD = "gnu++0x";
				CLANG_CXX_LIBRARY = "libc++";
				CLANG_ENABLE_MODULES = YES;
				CLANG_ENABLE_OBJC_ARC = YES;
				CLANG_WARN_BOOL_CONVERSION = YES;
				CLANG_WARN_CONSTANT_CONVERSION = YES;
				CLANG_WARN_DIRECT_OBJC_ISA_USAGE = YES_ERROR;
				CLANG_WARN_EMPTY_BODY = YES;
				CLANG_WARN_ENUM_CONVERSION = YES;
				CLANG_WARN_INT_CONVERSION = YES;
				CLANG_WARN_OBJC_ROOT_CLASS = YES_ERROR;
				CLANG_WARN__DUPLICATE_METHOD_MATCH = YES;
				"CODE_SIGN_IDENTITY[sdk=iphoneos*]" = "iPhone Developer";
				COPY_PHASE_STRIP = YES;
				ENABLE_NS_ASSERTIONS = NO;
				GCC_C_LANGUAGE_STANDARD = gnu99;
				GCC_WARN_64_TO_32_BIT_CONVERSION = YES;
				GCC_WARN_ABOUT_RETURN_TYPE = YES_ERROR;
				GCC_WARN_UNDECLARED_SELECTOR = YES;
				GCC_WARN_UNINITIALIZED_AUTOS = YES_AGGRESSIVE;
				GCC_WARN_UNUSED_FUNCTION = YES;
				GCC_WARN_UNUSED_VARIABLE = YES;
				IPHONEOS_DEPLOYMENT_TARGET = 7.1;
				SDKROOT = iphoneos;
				VALIDATE_PRODUCT = YES;
			};
			name = Release;
		};
		7FFD46021B24677C00A7F4BF /* Debug */ = {
			isa = XCBuildConfiguration;
			buildSettings = {
				ASSETCATALOG_COMPILER_APPICON_NAME = AppIcon;
				ASSETCATALOG_COMPILER_LAUNCHIMAGE_NAME = LaunchImage;
				GCC_PRECOMPILE_PREFIX_HEADER = YES;
				GCC_PREFIX_HEADER = "高仿微博/高仿微博-Prefix.pch";
				INFOPLIST_FILE = "高仿微博/高仿微博-Info.plist";
				PRODUCT_NAME = "$(TARGET_NAME)";
				WRAPPER_EXTENSION = app;
			};
			name = Debug;
		};
		7FFD46031B24677C00A7F4BF /* Release */ = {
			isa = XCBuildConfiguration;
			buildSettings = {
				ASSETCATALOG_COMPILER_APPICON_NAME = AppIcon;
				ASSETCATALOG_COMPILER_LAUNCHIMAGE_NAME = LaunchImage;
				GCC_PRECOMPILE_PREFIX_HEADER = YES;
				GCC_PREFIX_HEADER = "高仿微博/高仿微博-Prefix.pch";
				INFOPLIST_FILE = "高仿微博/高仿微博-Info.plist";
				PRODUCT_NAME = "$(TARGET_NAME)";
				WRAPPER_EXTENSION = app;
			};
			name = Release;
		};
		7FFD46051B24677C00A7F4BF /* Debug */ = {
			isa = XCBuildConfiguration;
			buildSettings = {
				BUNDLE_LOADER = "$(BUILT_PRODUCTS_DIR)/高仿微博.app/高仿微博";
				FRAMEWORK_SEARCH_PATHS = (
					"$(SDKROOT)/Developer/Library/Frameworks",
					"$(inherited)",
					"$(DEVELOPER_FRAMEWORKS_DIR)",
				);
				GCC_PRECOMPILE_PREFIX_HEADER = YES;
				GCC_PREFIX_HEADER = "高仿微博/高仿微博-Prefix.pch";
				GCC_PREPROCESSOR_DEFINITIONS = (
					"DEBUG=1",
					"$(inherited)",
				);
				INFOPLIST_FILE = "高仿微博Tests/高仿微博Tests-Info.plist";
				PRODUCT_NAME = "$(TARGET_NAME)";
				TEST_HOST = "$(BUNDLE_LOADER)";
				WRAPPER_EXTENSION = xctest;
			};
			name = Debug;
		};
		7FFD46061B24677C00A7F4BF /* Release */ = {
			isa = XCBuildConfiguration;
			buildSettings = {
				BUNDLE_LOADER = "$(BUILT_PRODUCTS_DIR)/高仿微博.app/高仿微博";
				FRAMEWORK_SEARCH_PATHS = (
					"$(SDKROOT)/Developer/Library/Frameworks",
					"$(inherited)",
					"$(DEVELOPER_FRAMEWORKS_DIR)",
				);
				GCC_PRECOMPILE_PREFIX_HEADER = YES;
				GCC_PREFIX_HEADER = "高仿微博/高仿微博-Prefix.pch";
				INFOPLIST_FILE = "高仿微博Tests/高仿微博Tests-Info.plist";
				PRODUCT_NAME = "$(TARGET_NAME)";
				TEST_HOST = "$(BUNDLE_LOADER)";
				WRAPPER_EXTENSION = xctest;
			};
			name = Release;
		};
/* End XCBuildConfiguration section */

/* Begin XCConfigurationList section */
		7FFD45CA1B24677C00A7F4BF /* Build configuration list for PBXProject "高仿微博" */ = {
			isa = XCConfigurationList;
			buildConfigurations = (
				7FFD45FF1B24677C00A7F4BF /* Debug */,
				7FFD46001B24677C00A7F4BF /* Release */,
			);
			defaultConfigurationIsVisible = 0;
			defaultConfigurationName = Release;
		};
		7FFD46011B24677C00A7F4BF /* Build configuration list for PBXNativeTarget "高仿微博" */ = {
			isa = XCConfigurationList;
			buildConfigurations = (
				7FFD46021B24677C00A7F4BF /* Debug */,
				7FFD46031B24677C00A7F4BF /* Release */,
			);
			defaultConfigurationIsVisible = 0;
			defaultConfigurationName = Release;
		};
		7FFD46041B24677C00A7F4BF /* Build configuration list for PBXNativeTarget "高仿微博Tests" */ = {
			isa = XCConfigurationList;
			buildConfigurations = (
				7FFD46051B24677C00A7F4BF /* Debug */,
				7FFD46061B24677C00A7F4BF /* Release */,
			);
			defaultConfigurationIsVisible = 0;
			defaultConfigurationName = Release;
		};
/* End XCConfigurationList section */
	};
	rootObject = 7FFD45C71B24677C00A7F4BF /* Project object */;
}
