// !$*UTF8*$!
{
	archiveVersion = 1;
	classes = {
	};
	objectVersion = 46;
	objects = {

/* Begin PBXBuildFile section */
		7F10DAD21B298865000EB915 /* JSSTitleButton.m in Sources */ = {isa = PBXBuildFile; fileRef = 7F10DAD11B298865000EB915 /* JSSTitleButton.m */; };
		7F131D061B36ABB400CEF02F /* JSSToolbar.m in Sources */ = {isa = PBXBuildFile; fileRef = 7F131D051B36ABB400CEF02F /* JSSToolbar.m */; };
		7F2D92811B2DE28100A8657C /* MKAnnotationView+WebCache.m in Sources */ = {isa = PBXBuildFile; fileRef = 7F2D92611B2DE28100A8657C /* MKAnnotationView+WebCache.m */; };
		7F2D92821B2DE28100A8657C /* NSData+ImageContentType.m in Sources */ = {isa = PBXBuildFile; fileRef = 7F2D92631B2DE28100A8657C /* NSData+ImageContentType.m */; };
		7F2D92831B2DE28100A8657C /* SDImageCache.m in Sources */ = {isa = PBXBuildFile; fileRef = 7F2D92651B2DE28100A8657C /* SDImageCache.m */; };
		7F2D92841B2DE28100A8657C /* SDWebImageCompat.m in Sources */ = {isa = PBXBuildFile; fileRef = 7F2D92671B2DE28100A8657C /* SDWebImageCompat.m */; };
		7F2D92851B2DE28100A8657C /* SDWebImageDecoder.m in Sources */ = {isa = PBXBuildFile; fileRef = 7F2D92691B2DE28100A8657C /* SDWebImageDecoder.m */; };
		7F2D92861B2DE28100A8657C /* SDWebImageDownloader.m in Sources */ = {isa = PBXBuildFile; fileRef = 7F2D926B1B2DE28100A8657C /* SDWebImageDownloader.m */; };
		7F2D92871B2DE28100A8657C /* SDWebImageDownloaderOperation.m in Sources */ = {isa = PBXBuildFile; fileRef = 7F2D926D1B2DE28100A8657C /* SDWebImageDownloaderOperation.m */; };
		7F2D92881B2DE28100A8657C /* SDWebImageManager.m in Sources */ = {isa = PBXBuildFile; fileRef = 7F2D926F1B2DE28100A8657C /* SDWebImageManager.m */; };
		7F2D92891B2DE28100A8657C /* SDWebImagePrefetcher.m in Sources */ = {isa = PBXBuildFile; fileRef = 7F2D92721B2DE28100A8657C /* SDWebImagePrefetcher.m */; };
		7F2D928A1B2DE28100A8657C /* UIButton+WebCache.m in Sources */ = {isa = PBXBuildFile; fileRef = 7F2D92741B2DE28100A8657C /* UIButton+WebCache.m */; };
		7F2D928B1B2DE28100A8657C /* UIImage+GIF.m in Sources */ = {isa = PBXBuildFile; fileRef = 7F2D92761B2DE28100A8657C /* UIImage+GIF.m */; };
		7F2D928C1B2DE28100A8657C /* UIImage+MultiFormat.m in Sources */ = {isa = PBXBuildFile; fileRef = 7F2D92781B2DE28100A8657C /* UIImage+MultiFormat.m */; };
		7F2D928D1B2DE28100A8657C /* UIImage+WebP.m in Sources */ = {isa = PBXBuildFile; fileRef = 7F2D927A1B2DE28100A8657C /* UIImage+WebP.m */; };
		7F2D928E1B2DE28100A8657C /* UIImageView+HighlightedWebCache.m in Sources */ = {isa = PBXBuildFile; fileRef = 7F2D927C1B2DE28100A8657C /* UIImageView+HighlightedWebCache.m */; };
		7F2D928F1B2DE28100A8657C /* UIImageView+WebCache.m in Sources */ = {isa = PBXBuildFile; fileRef = 7F2D927E1B2DE28100A8657C /* UIImageView+WebCache.m */; };
		7F2D92901B2DE28100A8657C /* UIView+WebCacheOperation.m in Sources */ = {isa = PBXBuildFile; fileRef = 7F2D92801B2DE28100A8657C /* UIView+WebCacheOperation.m */; };
		7F395C741B292C3A006ED46A /* MBProgressHUD+MJ.m in Sources */ = {isa = PBXBuildFile; fileRef = 7F395C701B292C3A006ED46A /* MBProgressHUD+MJ.m */; };
		7F395C751B292C3A006ED46A /* MBProgressHUD.bundle in Resources */ = {isa = PBXBuildFile; fileRef = 7F395C711B292C3A006ED46A /* MBProgressHUD.bundle */; };
		7F395C761B292C3A006ED46A /* MBProgressHUD.m in Sources */ = {isa = PBXBuildFile; fileRef = 7F395C731B292C3A006ED46A /* MBProgressHUD.m */; };
		7F395C7A1B292DEA006ED46A /* JSSOAuthAccount.m in Sources */ = {isa = PBXBuildFile; fileRef = 7F395C791B292DEA006ED46A /* JSSOAuthAccount.m */; };
		7F395C7E1B293A4C006ED46A /* JSSOAuthAccountTool.m in Sources */ = {isa = PBXBuildFile; fileRef = 7F395C7D1B293A4C006ED46A /* JSSOAuthAccountTool.m */; };
		7F395C811B294A12006ED46A /* UIWindow+Extension.m in Sources */ = {isa = PBXBuildFile; fileRef = 7F395C801B294A12006ED46A /* UIWindow+Extension.m */; };
		7F4E98B21B2884D80081EFB7 /* JSSOAuthViewController.m in Sources */ = {isa = PBXBuildFile; fileRef = 7F4E98B11B2884D80081EFB7 /* JSSOAuthViewController.m */; };
		7F4E98C81B2896580081EFB7 /* AFHTTPRequestOperation.m in Sources */ = {isa = PBXBuildFile; fileRef = 7F4E98B61B2896580081EFB7 /* AFHTTPRequestOperation.m */; };
		7F4E98C91B2896580081EFB7 /* AFHTTPRequestOperationManager.m in Sources */ = {isa = PBXBuildFile; fileRef = 7F4E98B81B2896580081EFB7 /* AFHTTPRequestOperationManager.m */; };
		7F4E98CA1B2896580081EFB7 /* AFHTTPSessionManager.m in Sources */ = {isa = PBXBuildFile; fileRef = 7F4E98BA1B2896580081EFB7 /* AFHTTPSessionManager.m */; };
		7F4E98CB1B2896580081EFB7 /* AFNetworkReachabilityManager.m in Sources */ = {isa = PBXBuildFile; fileRef = 7F4E98BD1B2896580081EFB7 /* AFNetworkReachabilityManager.m */; };
		7F4E98CC1B2896580081EFB7 /* AFSecurityPolicy.m in Sources */ = {isa = PBXBuildFile; fileRef = 7F4E98BF1B2896580081EFB7 /* AFSecurityPolicy.m */; };
		7F4E98CD1B2896580081EFB7 /* AFURLConnectionOperation.m in Sources */ = {isa = PBXBuildFile; fileRef = 7F4E98C11B2896580081EFB7 /* AFURLConnectionOperation.m */; };
		7F4E98CE1B2896580081EFB7 /* AFURLRequestSerialization.m in Sources */ = {isa = PBXBuildFile; fileRef = 7F4E98C31B2896580081EFB7 /* AFURLRequestSerialization.m */; };
		7F4E98CF1B2896580081EFB7 /* AFURLResponseSerialization.m in Sources */ = {isa = PBXBuildFile; fileRef = 7F4E98C51B2896580081EFB7 /* AFURLResponseSerialization.m */; };
		7F4E98D01B2896580081EFB7 /* AFURLSessionManager.m in Sources */ = {isa = PBXBuildFile; fileRef = 7F4E98C71B2896580081EFB7 /* AFURLSessionManager.m */; };
		7F57F04F1B355DDA00ACD4B8 /* JSSPhoto.m in Sources */ = {isa = PBXBuildFile; fileRef = 7F57F04E1B355DDA00ACD4B8 /* JSSPhoto.m */; };
		7F5F37621B25AD0A00D285DC /* JSSSearchBar.m in Sources */ = {isa = PBXBuildFile; fileRef = 7F5F37611B25AD0A00D285DC /* JSSSearchBar.m */; };
		7F5F37651B25DBD000D285DC /* JSSDropDownMenu.m in Sources */ = {isa = PBXBuildFile; fileRef = 7F5F37641B25DBD000D285DC /* JSSDropDownMenu.m */; };
		7F5F37681B25E73700D285DC /* JSSTitleMenuViewController.m in Sources */ = {isa = PBXBuildFile; fileRef = 7F5F37671B25E73700D285DC /* JSSTitleMenuViewController.m */; };
		7F7A4D881B27E76D0044AA98 /* JSSNewfeatureViewController.m in Sources */ = {isa = PBXBuildFile; fileRef = 7F7A4D871B27E76D0044AA98 /* JSSNewfeatureViewController.m */; };
		7F8B04C01B3D1197000AA6A8 /* JSSComposeViewController.m in Sources */ = {isa = PBXBuildFile; fileRef = 7F8B04BF1B3D1197000AA6A8 /* JSSComposeViewController.m */; };
		7FAA88631B2F08BC00C50303 /* JSSStatus.m in Sources */ = {isa = PBXBuildFile; fileRef = 7FAA88621B2F08BC00C50303 /* JSSStatus.m */; };
		7FAA88661B2F091200C50303 /* JSSUser.m in Sources */ = {isa = PBXBuildFile; fileRef = 7FAA88651B2F091200C50303 /* JSSUser.m */; };
		7FAA887F1B2F1B1300C50303 /* MJArgument.m in Sources */ = {isa = PBXBuildFile; fileRef = 7FAA88691B2F1B1300C50303 /* MJArgument.m */; };
		7FAA88801B2F1B1300C50303 /* MJConst.m in Sources */ = {isa = PBXBuildFile; fileRef = 7FAA886B1B2F1B1300C50303 /* MJConst.m */; };
		7FAA88811B2F1B1300C50303 /* MJFoundation.m in Sources */ = {isa = PBXBuildFile; fileRef = 7FAA886E1B2F1B1300C50303 /* MJFoundation.m */; };
		7FAA88821B2F1B1300C50303 /* MJIvar.m in Sources */ = {isa = PBXBuildFile; fileRef = 7FAA88701B2F1B1300C50303 /* MJIvar.m */; };
		7FAA88831B2F1B1300C50303 /* MJMember.m in Sources */ = {isa = PBXBuildFile; fileRef = 7FAA88721B2F1B1300C50303 /* MJMember.m */; };
		7FAA88841B2F1B1300C50303 /* MJMethod.m in Sources */ = {isa = PBXBuildFile; fileRef = 7FAA88741B2F1B1300C50303 /* MJMethod.m */; };
		7FAA88851B2F1B1300C50303 /* MJType.m in Sources */ = {isa = PBXBuildFile; fileRef = 7FAA88761B2F1B1300C50303 /* MJType.m */; };
		7FAA88861B2F1B1300C50303 /* MJTypeEncoding.m in Sources */ = {isa = PBXBuildFile; fileRef = 7FAA88781B2F1B1300C50303 /* MJTypeEncoding.m */; };
		7FAA88871B2F1B1300C50303 /* NSObject+MJCoding.m in Sources */ = {isa = PBXBuildFile; fileRef = 7FAA887A1B2F1B1300C50303 /* NSObject+MJCoding.m */; };
		7FAA88881B2F1B1300C50303 /* NSObject+MJKeyValue.m in Sources */ = {isa = PBXBuildFile; fileRef = 7FAA887C1B2F1B1300C50303 /* NSObject+MJKeyValue.m */; };
		7FAA88891B2F1B1300C50303 /* NSObject+MJMember.m in Sources */ = {isa = PBXBuildFile; fileRef = 7FAA887E1B2F1B1300C50303 /* NSObject+MJMember.m */; };
		7FC5E09D1B32F569002E3BD8 /* JSSLoadMoreFooter.m in Sources */ = {isa = PBXBuildFile; fileRef = 7FC5E09C1B32F569002E3BD8 /* JSSLoadMoreFooter.m */; };
		7FC5E09F1B32F58B002E3BD8 /* JSSLoadMoreFooter.xib in Resources */ = {isa = PBXBuildFile; fileRef = 7FC5E09E1B32F58B002E3BD8 /* JSSLoadMoreFooter.xib */; };
		7FCE93271B385F7000996636 /* JSSIconImageView.m in Sources */ = {isa = PBXBuildFile; fileRef = 7FCE93261B385F7000996636 /* JSSIconImageView.m */; };
		7FCFBE481B2735E900DD1BC7 /* JSSTabBar.m in Sources */ = {isa = PBXBuildFile; fileRef = 7FCFBE471B2735E900DD1BC7 /* JSSTabBar.m */; };
		7FD107CA1B255B0D00571CE4 /* JSSDiscoverViewController.m in Sources */ = {isa = PBXBuildFile; fileRef = 7FD1079C1B255B0D00571CE4 /* JSSDiscoverViewController.m */; };
		7FD107CB1B255B0D00571CE4 /* JSSHomeViewController.m in Sources */ = {isa = PBXBuildFile; fileRef = 7FD107A21B255B0D00571CE4 /* JSSHomeViewController.m */; };
		7FD107CC1B255B0D00571CE4 /* UIView+Extension.m in Sources */ = {isa = PBXBuildFile; fileRef = 7FD107A81B255B0D00571CE4 /* UIView+Extension.m */; };
		7FD107CD1B255B0D00571CE4 /* JSSNavigationController.m in Sources */ = {isa = PBXBuildFile; fileRef = 7FD107AB1B255B0D00571CE4 /* JSSNavigationController.m */; };
		7FD107CE1B255B0D00571CE4 /* JSSTabBarViewController.m in Sources */ = {isa = PBXBuildFile; fileRef = 7FD107AD1B255B0D00571CE4 /* JSSTabBarViewController.m */; };
		7FD107CF1B255B0D00571CE4 /* JSSAppDelegate.m in Sources */ = {isa = PBXBuildFile; fileRef = 7FD107B11B255B0D00571CE4 /* JSSAppDelegate.m */; };
		7FD107D01B255B0D00571CE4 /* main.m in Sources */ = {isa = PBXBuildFile; fileRef = 7FD107B21B255B0D00571CE4 /* main.m */; };
		7FD107D11B255B0D00571CE4 /* JSSMessageCenterViewController.m in Sources */ = {isa = PBXBuildFile; fileRef = 7FD107B71B255B0D00571CE4 /* JSSMessageCenterViewController.m */; };
		7FD107D21B255B0D00571CE4 /* JSSProfileViewController.m in Sources */ = {isa = PBXBuildFile; fileRef = 7FD107BD1B255B0D00571CE4 /* JSSProfileViewController.m */; };
		7FD107D31B255B0D00571CE4 /* JSSTest1ViewController.m in Sources */ = {isa = PBXBuildFile; fileRef = 7FD107C21B255B0D00571CE4 /* JSSTest1ViewController.m */; };
		7FD107D41B255B0D00571CE4 /* JSSTest1ViewController.xib in Resources */ = {isa = PBXBuildFile; fileRef = 7FD107C31B255B0D00571CE4 /* JSSTest1ViewController.xib */; };
		7FD107D51B255B0D00571CE4 /* JSSTest2ViewController.m in Sources */ = {isa = PBXBuildFile; fileRef = 7FD107C51B255B0D00571CE4 /* JSSTest2ViewController.m */; };
		7FD107D61B255B0D00571CE4 /* JSSTest2ViewController.xib in Resources */ = {isa = PBXBuildFile; fileRef = 7FD107C61B255B0D00571CE4 /* JSSTest2ViewController.xib */; };
		7FD107D71B255B0D00571CE4 /* JSSTest3ViewController.m in Sources */ = {isa = PBXBuildFile; fileRef = 7FD107C81B255B0D00571CE4 /* JSSTest3ViewController.m */; };
		7FD107D81B255B0D00571CE4 /* JSSTest3ViewController.xib in Resources */ = {isa = PBXBuildFile; fileRef = 7FD107C91B255B0D00571CE4 /* JSSTest3ViewController.xib */; };
		7FD107DB1B256B5E00571CE4 /* JSSItemTool.m in Sources */ = {isa = PBXBuildFile; fileRef = 7FD107DA1B256B5E00571CE4 /* JSSItemTool.m */; };
		7FD107DE1B256DE200571CE4 /* UIBarButtonItem+Extension.m in Sources */ = {isa = PBXBuildFile; fileRef = 7FD107DD1B256DE200571CE4 /* UIBarButtonItem+Extension.m */; };
		7FE130651B37E3F2007A5E09 /* NSDate+Extension.m in Sources */ = {isa = PBXBuildFile; fileRef = 7FE130641B37E3F2007A5E09 /* NSDate+Extension.m */; };
		7FE956641B346A59006B3317 /* JSSStatusCell.m in Sources */ = {isa = PBXBuildFile; fileRef = 7FE956631B346A58006B3317 /* JSSStatusCell.m */; };
		7FE956671B3475AB006B3317 /* JSSStatusFrame.m in Sources */ = {isa = PBXBuildFile; fileRef = 7FE956661B3475AB006B3317 /* JSSStatusFrame.m */; };
		7FEE15F41B381970007A5765 /* fakeStatus.plist in Resources */ = {isa = PBXBuildFile; fileRef = 7FEE15F31B38196F007A5765 /* fakeStatus.plist */; };
		7FEE15F71B38206C007A5765 /* NSString+Extension.m in Sources */ = {isa = PBXBuildFile; fileRef = 7FEE15F61B38206C007A5765 /* NSString+Extension.m */; };
		7FEE15FD1B3829A2007A5765 /* JSSStatusPhotosView.m in Sources */ = {isa = PBXBuildFile; fileRef = 7FEE15FC1B3829A2007A5765 /* JSSStatusPhotosView.m */; };
		7FEE16001B38466A007A5765 /* JSSStatusPhotoView.m in Sources */ = {isa = PBXBuildFile; fileRef = 7FEE15FF1B38466A007A5765 /* JSSStatusPhotoView.m */; };
		7FFD45D31B24677C00A7F4BF /* Foundation.framework in Frameworks */ = {isa = PBXBuildFile; fileRef = 7FFD45D21B24677C00A7F4BF /* Foundation.framework */; };
		7FFD45D51B24677C00A7F4BF /* CoreGraphics.framework in Frameworks */ = {isa = PBXBuildFile; fileRef = 7FFD45D41B24677C00A7F4BF /* CoreGraphics.framework */; };
		7FFD45D71B24677C00A7F4BF /* UIKit.framework in Frameworks */ = {isa = PBXBuildFile; fileRef = 7FFD45D61B24677C00A7F4BF /* UIKit.framework */; };
		7FFD45DD1B24677C00A7F4BF /* InfoPlist.strings in Resources */ = {isa = PBXBuildFile; fileRef = 7FFD45DB1B24677C00A7F4BF /* InfoPlist.strings */; };
		7FFD45EB1B24677C00A7F4BF /* Images.xcassets in Resources */ = {isa = PBXBuildFile; fileRef = 7FFD45EA1B24677C00A7F4BF /* Images.xcassets */; };
		7FFD45F21B24677C00A7F4BF /* XCTest.framework in Frameworks */ = {isa = PBXBuildFile; fileRef = 7FFD45F11B24677C00A7F4BF /* XCTest.framework */; };
		7FFD45F31B24677C00A7F4BF /* Foundation.framework in Frameworks */ = {isa = PBXBuildFile; fileRef = 7FFD45D21B24677C00A7F4BF /* Foundation.framework */; };
		7FFD45F41B24677C00A7F4BF /* UIKit.framework in Frameworks */ = {isa = PBXBuildFile; fileRef = 7FFD45D61B24677C00A7F4BF /* UIKit.framework */; };
		7FFD45FC1B24677C00A7F4BF /* InfoPlist.strings in Resources */ = {isa = PBXBuildFile; fileRef = 7FFD45FA1B24677C00A7F4BF /* InfoPlist.strings */; };
		7FFD45FE1B24677C00A7F4BF /* ____Tests.m in Sources */ = {isa = PBXBuildFile; fileRef = 7FFD45FD1B24677C00A7F4BF /* ____Tests.m */; };
/* End PBXBuildFile section */

/* Begin PBXContainerItemProxy section */
		7FFD45F51B24677C00A7F4BF /* PBXContainerItemProxy */ = {
			isa = PBXContainerItemProxy;
			containerPortal = 7FFD45C71B24677C00A7F4BF /* Project object */;
			proxyType = 1;
			remoteGlobalIDString = 7FFD45CE1B24677C00A7F4BF;
			remoteInfo = "高仿微博";
		};
/* End PBXContainerItemProxy section */

/* Begin PBXFileReference section */
		7F10DAD01B298865000EB915 /* JSSTitleButton.h */ = {isa = PBXFileReference; fileEncoding = 4; lastKnownFileType = sourcecode.c.h; path = JSSTitleButton.h; sourceTree = "<group>"; };
		7F10DAD11B298865000EB915 /* JSSTitleButton.m */ = {isa = PBXFileReference; fileEncoding = 4; lastKnownFileType = sourcecode.c.objc; path = JSSTitleButton.m; sourceTree = "<group>"; };
		7F131D041B36ABB400CEF02F /* JSSToolbar.h */ = {isa = PBXFileReference; fileEncoding = 4; lastKnownFileType = sourcecode.c.h; path = JSSToolbar.h; sourceTree = "<group>"; };
		7F131D051B36ABB400CEF02F /* JSSToolbar.m */ = {isa = PBXFileReference; fileEncoding = 4; lastKnownFileType = sourcecode.c.objc; path = JSSToolbar.m; sourceTree = "<group>"; };
		7F2D92601B2DE28100A8657C /* MKAnnotationView+WebCache.h */ = {isa = PBXFileReference; fileEncoding = 4; lastKnownFileType = sourcecode.c.h; path = "MKAnnotationView+WebCache.h"; sourceTree = "<group>"; };
		7F2D92611B2DE28100A8657C /* MKAnnotationView+WebCache.m */ = {isa = PBXFileReference; fileEncoding = 4; lastKnownFileType = sourcecode.c.objc; path = "MKAnnotationView+WebCache.m"; sourceTree = "<group>"; };
		7F2D92621B2DE28100A8657C /* NSData+ImageContentType.h */ = {isa = PBXFileReference; fileEncoding = 4; lastKnownFileType = sourcecode.c.h; path = "NSData+ImageContentType.h"; sourceTree = "<group>"; };
		7F2D92631B2DE28100A8657C /* NSData+ImageContentType.m */ = {isa = PBXFileReference; fileEncoding = 4; lastKnownFileType = sourcecode.c.objc; path = "NSData+ImageContentType.m"; sourceTree = "<group>"; };
		7F2D92641B2DE28100A8657C /* SDImageCache.h */ = {isa = PBXFileReference; fileEncoding = 4; lastKnownFileType = sourcecode.c.h; path = SDImageCache.h; sourceTree = "<group>"; };
		7F2D92651B2DE28100A8657C /* SDImageCache.m */ = {isa = PBXFileReference; fileEncoding = 4; lastKnownFileType = sourcecode.c.objc; path = SDImageCache.m; sourceTree = "<group>"; };
		7F2D92661B2DE28100A8657C /* SDWebImageCompat.h */ = {isa = PBXFileReference; fileEncoding = 4; lastKnownFileType = sourcecode.c.h; path = SDWebImageCompat.h; sourceTree = "<group>"; };
		7F2D92671B2DE28100A8657C /* SDWebImageCompat.m */ = {isa = PBXFileReference; fileEncoding = 4; lastKnownFileType = sourcecode.c.objc; path = SDWebImageCompat.m; sourceTree = "<group>"; };
		7F2D92681B2DE28100A8657C /* SDWebImageDecoder.h */ = {isa = PBXFileReference; fileEncoding = 4; lastKnownFileType = sourcecode.c.h; path = SDWebImageDecoder.h; sourceTree = "<group>"; };
		7F2D92691B2DE28100A8657C /* SDWebImageDecoder.m */ = {isa = PBXFileReference; fileEncoding = 4; lastKnownFileType = sourcecode.c.objc; path = SDWebImageDecoder.m; sourceTree = "<group>"; };
		7F2D926A1B2DE28100A8657C /* SDWebImageDownloader.h */ = {isa = PBXFileReference; fileEncoding = 4; lastKnownFileType = sourcecode.c.h; path = SDWebImageDownloader.h; sourceTree = "<group>"; };
		7F2D926B1B2DE28100A8657C /* SDWebImageDownloader.m */ = {isa = PBXFileReference; fileEncoding = 4; lastKnownFileType = sourcecode.c.objc; path = SDWebImageDownloader.m; sourceTree = "<group>"; };
		7F2D926C1B2DE28100A8657C /* SDWebImageDownloaderOperation.h */ = {isa = PBXFileReference; fileEncoding = 4; lastKnownFileType = sourcecode.c.h; path = SDWebImageDownloaderOperation.h; sourceTree = "<group>"; };
		7F2D926D1B2DE28100A8657C /* SDWebImageDownloaderOperation.m */ = {isa = PBXFileReference; fileEncoding = 4; lastKnownFileType = sourcecode.c.objc; path = SDWebImageDownloaderOperation.m; sourceTree = "<group>"; };
		7F2D926E1B2DE28100A8657C /* SDWebImageManager.h */ = {isa = PBXFileReference; fileEncoding = 4; lastKnownFileType = sourcecode.c.h; path = SDWebImageManager.h; sourceTree = "<group>"; };
		7F2D926F1B2DE28100A8657C /* SDWebImageManager.m */ = {isa = PBXFileReference; fileEncoding = 4; lastKnownFileType = sourcecode.c.objc; path = SDWebImageManager.m; sourceTree = "<group>"; };
		7F2D92701B2DE28100A8657C /* SDWebImageOperation.h */ = {isa = PBXFileReference; fileEncoding = 4; lastKnownFileType = sourcecode.c.h; path = SDWebImageOperation.h; sourceTree = "<group>"; };
		7F2D92711B2DE28100A8657C /* SDWebImagePrefetcher.h */ = {isa = PBXFileReference; fileEncoding = 4; lastKnownFileType = sourcecode.c.h; path = SDWebImagePrefetcher.h; sourceTree = "<group>"; };
		7F2D92721B2DE28100A8657C /* SDWebImagePrefetcher.m */ = {isa = PBXFileReference; fileEncoding = 4; lastKnownFileType = sourcecode.c.objc; path = SDWebImagePrefetcher.m; sourceTree = "<group>"; };
		7F2D92731B2DE28100A8657C /* UIButton+WebCache.h */ = {isa = PBXFileReference; fileEncoding = 4; lastKnownFileType = sourcecode.c.h; path = "UIButton+WebCache.h"; sourceTree = "<group>"; };
		7F2D92741B2DE28100A8657C /* UIButton+WebCache.m */ = {isa = PBXFileReference; fileEncoding = 4; lastKnownFileType = sourcecode.c.objc; path = "UIButton+WebCache.m"; sourceTree = "<group>"; };
		7F2D92751B2DE28100A8657C /* UIImage+GIF.h */ = {isa = PBXFileReference; fileEncoding = 4; lastKnownFileType = sourcecode.c.h; path = "UIImage+GIF.h"; sourceTree = "<group>"; };
		7F2D92761B2DE28100A8657C /* UIImage+GIF.m */ = {isa = PBXFileReference; fileEncoding = 4; lastKnownFileType = sourcecode.c.objc; path = "UIImage+GIF.m"; sourceTree = "<group>"; };
		7F2D92771B2DE28100A8657C /* UIImage+MultiFormat.h */ = {isa = PBXFileReference; fileEncoding = 4; lastKnownFileType = sourcecode.c.h; path = "UIImage+MultiFormat.h"; sourceTree = "<group>"; };
		7F2D92781B2DE28100A8657C /* UIImage+MultiFormat.m */ = {isa = PBXFileReference; fileEncoding = 4; lastKnownFileType = sourcecode.c.objc; path = "UIImage+MultiFormat.m"; sourceTree = "<group>"; };
		7F2D92791B2DE28100A8657C /* UIImage+WebP.h */ = {isa = PBXFileReference; fileEncoding = 4; lastKnownFileType = sourcecode.c.h; path = "UIImage+WebP.h"; sourceTree = "<group>"; };
		7F2D927A1B2DE28100A8657C /* UIImage+WebP.m */ = {isa = PBXFileReference; fileEncoding = 4; lastKnownFileType = sourcecode.c.objc; path = "UIImage+WebP.m"; sourceTree = "<group>"; };
		7F2D927B1B2DE28100A8657C /* UIImageView+HighlightedWebCache.h */ = {isa = PBXFileReference; fileEncoding = 4; lastKnownFileType = sourcecode.c.h; path = "UIImageView+HighlightedWebCache.h"; sourceTree = "<group>"; };
		7F2D927C1B2DE28100A8657C /* UIImageView+HighlightedWebCache.m */ = {isa = PBXFileReference; fileEncoding = 4; lastKnownFileType = sourcecode.c.objc; path = "UIImageView+HighlightedWebCache.m"; sourceTree = "<group>"; };
		7F2D927D1B2DE28100A8657C /* UIImageView+WebCache.h */ = {isa = PBXFileReference; fileEncoding = 4; lastKnownFileType = sourcecode.c.h; path = "UIImageView+WebCache.h"; sourceTree = "<group>"; };
		7F2D927E1B2DE28100A8657C /* UIImageView+WebCache.m */ = {isa = PBXFileReference; fileEncoding = 4; lastKnownFileType = sourcecode.c.objc; path = "UIImageView+WebCache.m"; sourceTree = "<group>"; };
		7F2D927F1B2DE28100A8657C /* UIView+WebCacheOperation.h */ = {isa = PBXFileReference; fileEncoding = 4; lastKnownFileType = sourcecode.c.h; path = "UIView+WebCacheOperation.h"; sourceTree = "<group>"; };
		7F2D92801B2DE28100A8657C /* UIView+WebCacheOperation.m */ = {isa = PBXFileReference; fileEncoding = 4; lastKnownFileType = sourcecode.c.objc; path = "UIView+WebCacheOperation.m"; sourceTree = "<group>"; };
		7F395C6F1B292C3A006ED46A /* MBProgressHUD+MJ.h */ = {isa = PBXFileReference; fileEncoding = 4; lastKnownFileType = sourcecode.c.h; path = "MBProgressHUD+MJ.h"; sourceTree = "<group>"; };
		7F395C701B292C3A006ED46A /* MBProgressHUD+MJ.m */ = {isa = PBXFileReference; fileEncoding = 4; lastKnownFileType = sourcecode.c.objc; path = "MBProgressHUD+MJ.m"; sourceTree = "<group>"; };
		7F395C711B292C3A006ED46A /* MBProgressHUD.bundle */ = {isa = PBXFileReference; lastKnownFileType = "wrapper.plug-in"; path = MBProgressHUD.bundle; sourceTree = "<group>"; };
		7F395C721B292C3A006ED46A /* MBProgressHUD.h */ = {isa = PBXFileReference; fileEncoding = 4; lastKnownFileType = sourcecode.c.h; path = MBProgressHUD.h; sourceTree = "<group>"; };
		7F395C731B292C3A006ED46A /* MBProgressHUD.m */ = {isa = PBXFileReference; fileEncoding = 4; lastKnownFileType = sourcecode.c.objc; path = MBProgressHUD.m; sourceTree = "<group>"; };
		7F395C781B292DEA006ED46A /* JSSOAuthAccount.h */ = {isa = PBXFileReference; fileEncoding = 4; lastKnownFileType = sourcecode.c.h; path = JSSOAuthAccount.h; sourceTree = "<group>"; };
		7F395C791B292DEA006ED46A /* JSSOAuthAccount.m */ = {isa = PBXFileReference; fileEncoding = 4; lastKnownFileType = sourcecode.c.objc; path = JSSOAuthAccount.m; sourceTree = "<group>"; };
		7F395C7C1B293A4C006ED46A /* JSSOAuthAccountTool.h */ = {isa = PBXFileReference; fileEncoding = 4; lastKnownFileType = sourcecode.c.h; path = JSSOAuthAccountTool.h; sourceTree = "<group>"; };
		7F395C7D1B293A4C006ED46A /* JSSOAuthAccountTool.m */ = {isa = PBXFileReference; fileEncoding = 4; lastKnownFileType = sourcecode.c.objc; path = JSSOAuthAccountTool.m; sourceTree = "<group>"; };
		7F395C7F1B294A12006ED46A /* UIWindow+Extension.h */ = {isa = PBXFileReference; fileEncoding = 4; lastKnownFileType = sourcecode.c.h; path = "UIWindow+Extension.h"; sourceTree = "<group>"; };
		7F395C801B294A12006ED46A /* UIWindow+Extension.m */ = {isa = PBXFileReference; fileEncoding = 4; lastKnownFileType = sourcecode.c.objc; path = "UIWindow+Extension.m"; sourceTree = "<group>"; };
		7F4E98B01B2884D80081EFB7 /* JSSOAuthViewController.h */ = {isa = PBXFileReference; fileEncoding = 4; lastKnownFileType = sourcecode.c.h; path = JSSOAuthViewController.h; sourceTree = "<group>"; };
		7F4E98B11B2884D80081EFB7 /* JSSOAuthViewController.m */ = {isa = PBXFileReference; fileEncoding = 4; lastKnownFileType = sourcecode.c.objc; path = JSSOAuthViewController.m; sourceTree = "<group>"; };
		7F4E98B51B2896580081EFB7 /* AFHTTPRequestOperation.h */ = {isa = PBXFileReference; fileEncoding = 4; lastKnownFileType = sourcecode.c.h; path = AFHTTPRequestOperation.h; sourceTree = "<group>"; };
		7F4E98B61B2896580081EFB7 /* AFHTTPRequestOperation.m */ = {isa = PBXFileReference; fileEncoding = 4; lastKnownFileType = sourcecode.c.objc; path = AFHTTPRequestOperation.m; sourceTree = "<group>"; };
		7F4E98B71B2896580081EFB7 /* AFHTTPRequestOperationManager.h */ = {isa = PBXFileReference; fileEncoding = 4; lastKnownFileType = sourcecode.c.h; path = AFHTTPRequestOperationManager.h; sourceTree = "<group>"; };
		7F4E98B81B2896580081EFB7 /* AFHTTPRequestOperationManager.m */ = {isa = PBXFileReference; fileEncoding = 4; lastKnownFileType = sourcecode.c.objc; path = AFHTTPRequestOperationManager.m; sourceTree = "<group>"; };
		7F4E98B91B2896580081EFB7 /* AFHTTPSessionManager.h */ = {isa = PBXFileReference; fileEncoding = 4; lastKnownFileType = sourcecode.c.h; path = AFHTTPSessionManager.h; sourceTree = "<group>"; };
		7F4E98BA1B2896580081EFB7 /* AFHTTPSessionManager.m */ = {isa = PBXFileReference; fileEncoding = 4; lastKnownFileType = sourcecode.c.objc; path = AFHTTPSessionManager.m; sourceTree = "<group>"; };
		7F4E98BB1B2896580081EFB7 /* AFNetworking.h */ = {isa = PBXFileReference; fileEncoding = 4; lastKnownFileType = sourcecode.c.h; path = AFNetworking.h; sourceTree = "<group>"; };
		7F4E98BC1B2896580081EFB7 /* AFNetworkReachabilityManager.h */ = {isa = PBXFileReference; fileEncoding = 4; lastKnownFileType = sourcecode.c.h; path = AFNetworkReachabilityManager.h; sourceTree = "<group>"; };
		7F4E98BD1B2896580081EFB7 /* AFNetworkReachabilityManager.m */ = {isa = PBXFileReference; fileEncoding = 4; lastKnownFileType = sourcecode.c.objc; path = AFNetworkReachabilityManager.m; sourceTree = "<group>"; };
		7F4E98BE1B2896580081EFB7 /* AFSecurityPolicy.h */ = {isa = PBXFileReference; fileEncoding = 4; lastKnownFileType = sourcecode.c.h; path = AFSecurityPolicy.h; sourceTree = "<group>"; };
		7F4E98BF1B2896580081EFB7 /* AFSecurityPolicy.m */ = {isa = PBXFileReference; fileEncoding = 4; lastKnownFileType = sourcecode.c.objc; path = AFSecurityPolicy.m; sourceTree = "<group>"; };
		7F4E98C01B2896580081EFB7 /* AFURLConnectionOperation.h */ = {isa = PBXFileReference; fileEncoding = 4; lastKnownFileType = sourcecode.c.h; path = AFURLConnectionOperation.h; sourceTree = "<group>"; };
		7F4E98C11B2896580081EFB7 /* AFURLConnectionOperation.m */ = {isa = PBXFileReference; fileEncoding = 4; lastKnownFileType = sourcecode.c.objc; path = AFURLConnectionOperation.m; sourceTree = "<group>"; };
		7F4E98C21B2896580081EFB7 /* AFURLRequestSerialization.h */ = {isa = PBXFileReference; fileEncoding = 4; lastKnownFileType = sourcecode.c.h; path = AFURLRequestSerialization.h; sourceTree = "<group>"; };
		7F4E98C31B2896580081EFB7 /* AFURLRequestSerialization.m */ = {isa = PBXFileReference; fileEncoding = 4; lastKnownFileType = sourcecode.c.objc; path = AFURLRequestSerialization.m; sourceTree = "<group>"; };
		7F4E98C41B2896580081EFB7 /* AFURLResponseSerialization.h */ = {isa = PBXFileReference; fileEncoding = 4; lastKnownFileType = sourcecode.c.h; path = AFURLResponseSerialization.h; sourceTree = "<group>"; };
		7F4E98C51B2896580081EFB7 /* AFURLResponseSerialization.m */ = {isa = PBXFileReference; fileEncoding = 4; lastKnownFileType = sourcecode.c.objc; path = AFURLResponseSerialization.m; sourceTree = "<group>"; };
		7F4E98C61B2896580081EFB7 /* AFURLSessionManager.h */ = {isa = PBXFileReference; fileEncoding = 4; lastKnownFileType = sourcecode.c.h; path = AFURLSessionManager.h; sourceTree = "<group>"; };
		7F4E98C71B2896580081EFB7 /* AFURLSessionManager.m */ = {isa = PBXFileReference; fileEncoding = 4; lastKnownFileType = sourcecode.c.objc; path = AFURLSessionManager.m; sourceTree = "<group>"; };
		7F57F04D1B355DDA00ACD4B8 /* JSSPhoto.h */ = {isa = PBXFileReference; fileEncoding = 4; lastKnownFileType = sourcecode.c.h; path = JSSPhoto.h; sourceTree = "<group>"; };
		7F57F04E1B355DDA00ACD4B8 /* JSSPhoto.m */ = {isa = PBXFileReference; fileEncoding = 4; lastKnownFileType = sourcecode.c.objc; path = JSSPhoto.m; sourceTree = "<group>"; };
		7F5F37601B25AD0A00D285DC /* JSSSearchBar.h */ = {isa = PBXFileReference; fileEncoding = 4; lastKnownFileType = sourcecode.c.h; path = JSSSearchBar.h; sourceTree = "<group>"; };
		7F5F37611B25AD0A00D285DC /* JSSSearchBar.m */ = {isa = PBXFileReference; fileEncoding = 4; lastKnownFileType = sourcecode.c.objc; path = JSSSearchBar.m; sourceTree = "<group>"; };
		7F5F37631B25DBD000D285DC /* JSSDropDownMenu.h */ = {isa = PBXFileReference; fileEncoding = 4; lastKnownFileType = sourcecode.c.h; path = JSSDropDownMenu.h; sourceTree = "<group>"; };
		7F5F37641B25DBD000D285DC /* JSSDropDownMenu.m */ = {isa = PBXFileReference; fileEncoding = 4; lastKnownFileType = sourcecode.c.objc; path = JSSDropDownMenu.m; sourceTree = "<group>"; };
		7F5F37661B25E73700D285DC /* JSSTitleMenuViewController.h */ = {isa = PBXFileReference; fileEncoding = 4; lastKnownFileType = sourcecode.c.h; path = JSSTitleMenuViewController.h; sourceTree = "<group>"; };
		7F5F37671B25E73700D285DC /* JSSTitleMenuViewController.m */ = {isa = PBXFileReference; fileEncoding = 4; lastKnownFileType = sourcecode.c.objc; path = JSSTitleMenuViewController.m; sourceTree = "<group>"; };
		7F7A4D861B27E76D0044AA98 /* JSSNewfeatureViewController.h */ = {isa = PBXFileReference; fileEncoding = 4; lastKnownFileType = sourcecode.c.h; path = JSSNewfeatureViewController.h; sourceTree = "<group>"; };
		7F7A4D871B27E76D0044AA98 /* JSSNewfeatureViewController.m */ = {isa = PBXFileReference; fileEncoding = 4; lastKnownFileType = sourcecode.c.objc; path = JSSNewfeatureViewController.m; sourceTree = "<group>"; };
		7F8B04BE1B3D1197000AA6A8 /* JSSComposeViewController.h */ = {isa = PBXFileReference; fileEncoding = 4; lastKnownFileType = sourcecode.c.h; path = JSSComposeViewController.h; sourceTree = "<group>"; };
		7F8B04BF1B3D1197000AA6A8 /* JSSComposeViewController.m */ = {isa = PBXFileReference; fileEncoding = 4; lastKnownFileType = sourcecode.c.objc; path = JSSComposeViewController.m; sourceTree = "<group>"; };
		7FAA88611B2F08BC00C50303 /* JSSStatus.h */ = {isa = PBXFileReference; fileEncoding = 4; lastKnownFileType = sourcecode.c.h; path = JSSStatus.h; sourceTree = "<group>"; };
		7FAA88621B2F08BC00C50303 /* JSSStatus.m */ = {isa = PBXFileReference; fileEncoding = 4; lastKnownFileType = sourcecode.c.objc; path = JSSStatus.m; sourceTree = "<group>"; };
		7FAA88641B2F091200C50303 /* JSSUser.h */ = {isa = PBXFileReference; fileEncoding = 4; lastKnownFileType = sourcecode.c.h; path = JSSUser.h; sourceTree = "<group>"; };
		7FAA88651B2F091200C50303 /* JSSUser.m */ = {isa = PBXFileReference; fileEncoding = 4; lastKnownFileType = sourcecode.c.objc; path = JSSUser.m; sourceTree = "<group>"; };
		7FAA88681B2F1B1300C50303 /* MJArgument.h */ = {isa = PBXFileReference; fileEncoding = 4; lastKnownFileType = sourcecode.c.h; path = MJArgument.h; sourceTree = "<group>"; };
		7FAA88691B2F1B1300C50303 /* MJArgument.m */ = {isa = PBXFileReference; fileEncoding = 4; lastKnownFileType = sourcecode.c.objc; path = MJArgument.m; sourceTree = "<group>"; };
		7FAA886A1B2F1B1300C50303 /* MJConst.h */ = {isa = PBXFileReference; fileEncoding = 4; lastKnownFileType = sourcecode.c.h; path = MJConst.h; sourceTree = "<group>"; };
		7FAA886B1B2F1B1300C50303 /* MJConst.m */ = {isa = PBXFileReference; fileEncoding = 4; lastKnownFileType = sourcecode.c.objc; path = MJConst.m; sourceTree = "<group>"; };
		7FAA886C1B2F1B1300C50303 /* MJExtension.h */ = {isa = PBXFileReference; fileEncoding = 4; lastKnownFileType = sourcecode.c.h; path = MJExtension.h; sourceTree = "<group>"; };
		7FAA886D1B2F1B1300C50303 /* MJFoundation.h */ = {isa = PBXFileReference; fileEncoding = 4; lastKnownFileType = sourcecode.c.h; path = MJFoundation.h; sourceTree = "<group>"; };
		7FAA886E1B2F1B1300C50303 /* MJFoundation.m */ = {isa = PBXFileReference; fileEncoding = 4; lastKnownFileType = sourcecode.c.objc; path = MJFoundation.m; sourceTree = "<group>"; };
		7FAA886F1B2F1B1300C50303 /* MJIvar.h */ = {isa = PBXFileReference; fileEncoding = 4; lastKnownFileType = sourcecode.c.h; path = MJIvar.h; sourceTree = "<group>"; };
		7FAA88701B2F1B1300C50303 /* MJIvar.m */ = {isa = PBXFileReference; fileEncoding = 4; lastKnownFileType = sourcecode.c.objc; path = MJIvar.m; sourceTree = "<group>"; };
		7FAA88711B2F1B1300C50303 /* MJMember.h */ = {isa = PBXFileReference; fileEncoding = 4; lastKnownFileType = sourcecode.c.h; path = MJMember.h; sourceTree = "<group>"; };
		7FAA88721B2F1B1300C50303 /* MJMember.m */ = {isa = PBXFileReference; fileEncoding = 4; lastKnownFileType = sourcecode.c.objc; path = MJMember.m; sourceTree = "<group>"; };
		7FAA88731B2F1B1300C50303 /* MJMethod.h */ = {isa = PBXFileReference; fileEncoding = 4; lastKnownFileType = sourcecode.c.h; path = MJMethod.h; sourceTree = "<group>"; };
		7FAA88741B2F1B1300C50303 /* MJMethod.m */ = {isa = PBXFileReference; fileEncoding = 4; lastKnownFileType = sourcecode.c.objc; path = MJMethod.m; sourceTree = "<group>"; };
		7FAA88751B2F1B1300C50303 /* MJType.h */ = {isa = PBXFileReference; fileEncoding = 4; lastKnownFileType = sourcecode.c.h; path = MJType.h; sourceTree = "<group>"; };
		7FAA88761B2F1B1300C50303 /* MJType.m */ = {isa = PBXFileReference; fileEncoding = 4; lastKnownFileType = sourcecode.c.objc; path = MJType.m; sourceTree = "<group>"; };
		7FAA88771B2F1B1300C50303 /* MJTypeEncoding.h */ = {isa = PBXFileReference; fileEncoding = 4; lastKnownFileType = sourcecode.c.h; path = MJTypeEncoding.h; sourceTree = "<group>"; };
		7FAA88781B2F1B1300C50303 /* MJTypeEncoding.m */ = {isa = PBXFileReference; fileEncoding = 4; lastKnownFileType = sourcecode.c.objc; path = MJTypeEncoding.m; sourceTree = "<group>"; };
		7FAA88791B2F1B1300C50303 /* NSObject+MJCoding.h */ = {isa = PBXFileReference; fileEncoding = 4; lastKnownFileType = sourcecode.c.h; path = "NSObject+MJCoding.h"; sourceTree = "<group>"; };
		7FAA887A1B2F1B1300C50303 /* NSObject+MJCoding.m */ = {isa = PBXFileReference; fileEncoding = 4; lastKnownFileType = sourcecode.c.objc; path = "NSObject+MJCoding.m"; sourceTree = "<group>"; };
		7FAA887B1B2F1B1300C50303 /* NSObject+MJKeyValue.h */ = {isa = PBXFileReference; fileEncoding = 4; lastKnownFileType = sourcecode.c.h; path = "NSObject+MJKeyValue.h"; sourceTree = "<group>"; };
		7FAA887C1B2F1B1300C50303 /* NSObject+MJKeyValue.m */ = {isa = PBXFileReference; fileEncoding = 4; lastKnownFileType = sourcecode.c.objc; path = "NSObject+MJKeyValue.m"; sourceTree = "<group>"; };
		7FAA887D1B2F1B1300C50303 /* NSObject+MJMember.h */ = {isa = PBXFileReference; fileEncoding = 4; lastKnownFileType = sourcecode.c.h; path = "NSObject+MJMember.h"; sourceTree = "<group>"; };
		7FAA887E1B2F1B1300C50303 /* NSObject+MJMember.m */ = {isa = PBXFileReference; fileEncoding = 4; lastKnownFileType = sourcecode.c.objc; path = "NSObject+MJMember.m"; sourceTree = "<group>"; };
		7FC5E09B1B32F569002E3BD8 /* JSSLoadMoreFooter.h */ = {isa = PBXFileReference; fileEncoding = 4; lastKnownFileType = sourcecode.c.h; path = JSSLoadMoreFooter.h; sourceTree = "<group>"; };
		7FC5E09C1B32F569002E3BD8 /* JSSLoadMoreFooter.m */ = {isa = PBXFileReference; fileEncoding = 4; lastKnownFileType = sourcecode.c.objc; path = JSSLoadMoreFooter.m; sourceTree = "<group>"; };
		7FC5E09E1B32F58B002E3BD8 /* JSSLoadMoreFooter.xib */ = {isa = PBXFileReference; fileEncoding = 4; lastKnownFileType = file.xib; path = JSSLoadMoreFooter.xib; sourceTree = "<group>"; };
		7FCE93251B385F7000996636 /* JSSIconImageView.h */ = {isa = PBXFileReference; fileEncoding = 4; lastKnownFileType = sourcecode.c.h; path = JSSIconImageView.h; sourceTree = "<group>"; };
		7FCE93261B385F7000996636 /* JSSIconImageView.m */ = {isa = PBXFileReference; fileEncoding = 4; lastKnownFileType = sourcecode.c.objc; path = JSSIconImageView.m; sourceTree = "<group>"; };
		7FCFBE461B2735E900DD1BC7 /* JSSTabBar.h */ = {isa = PBXFileReference; fileEncoding = 4; lastKnownFileType = sourcecode.c.h; path = JSSTabBar.h; sourceTree = "<group>"; };
		7FCFBE471B2735E900DD1BC7 /* JSSTabBar.m */ = {isa = PBXFileReference; fileEncoding = 4; lastKnownFileType = sourcecode.c.objc; path = JSSTabBar.m; sourceTree = "<group>"; };
		7FD1079B1B255B0D00571CE4 /* JSSDiscoverViewController.h */ = {isa = PBXFileReference; fileEncoding = 4; lastKnownFileType = sourcecode.c.h; path = JSSDiscoverViewController.h; sourceTree = "<group>"; };
		7FD1079C1B255B0D00571CE4 /* JSSDiscoverViewController.m */ = {isa = PBXFileReference; fileEncoding = 4; lastKnownFileType = sourcecode.c.objc; path = JSSDiscoverViewController.m; sourceTree = "<group>"; };
		7FD107A11B255B0D00571CE4 /* JSSHomeViewController.h */ = {isa = PBXFileReference; fileEncoding = 4; lastKnownFileType = sourcecode.c.h; path = JSSHomeViewController.h; sourceTree = "<group>"; };
		7FD107A21B255B0D00571CE4 /* JSSHomeViewController.m */ = {isa = PBXFileReference; fileEncoding = 4; lastKnownFileType = sourcecode.c.objc; path = JSSHomeViewController.m; sourceTree = "<group>"; };
		7FD107A71B255B0D00571CE4 /* UIView+Extension.h */ = {isa = PBXFileReference; fileEncoding = 4; lastKnownFileType = sourcecode.c.h; path = "UIView+Extension.h"; sourceTree = "<group>"; };
		7FD107A81B255B0D00571CE4 /* UIView+Extension.m */ = {isa = PBXFileReference; fileEncoding = 4; lastKnownFileType = sourcecode.c.objc; path = "UIView+Extension.m"; sourceTree = "<group>"; };
		7FD107AA1B255B0D00571CE4 /* JSSNavigationController.h */ = {isa = PBXFileReference; fileEncoding = 4; lastKnownFileType = sourcecode.c.h; path = JSSNavigationController.h; sourceTree = "<group>"; };
		7FD107AB1B255B0D00571CE4 /* JSSNavigationController.m */ = {isa = PBXFileReference; fileEncoding = 4; lastKnownFileType = sourcecode.c.objc; path = JSSNavigationController.m; sourceTree = "<group>"; };
		7FD107AC1B255B0D00571CE4 /* JSSTabBarViewController.h */ = {isa = PBXFileReference; fileEncoding = 4; lastKnownFileType = sourcecode.c.h; path = JSSTabBarViewController.h; sourceTree = "<group>"; };
		7FD107AD1B255B0D00571CE4 /* JSSTabBarViewController.m */ = {isa = PBXFileReference; fileEncoding = 4; lastKnownFileType = sourcecode.c.objc; path = JSSTabBarViewController.m; sourceTree = "<group>"; };
		7FD107B01B255B0D00571CE4 /* JSSAppDelegate.h */ = {isa = PBXFileReference; fileEncoding = 4; lastKnownFileType = sourcecode.c.h; path = JSSAppDelegate.h; sourceTree = "<group>"; };
		7FD107B11B255B0D00571CE4 /* JSSAppDelegate.m */ = {isa = PBXFileReference; fileEncoding = 4; lastKnownFileType = sourcecode.c.objc; path = JSSAppDelegate.m; sourceTree = "<group>"; };
		7FD107B21B255B0D00571CE4 /* main.m */ = {isa = PBXFileReference; fileEncoding = 4; lastKnownFileType = sourcecode.c.objc; path = main.m; sourceTree = "<group>"; };
		7FD107B61B255B0D00571CE4 /* JSSMessageCenterViewController.h */ = {isa = PBXFileReference; fileEncoding = 4; lastKnownFileType = sourcecode.c.h; path = JSSMessageCenterViewController.h; sourceTree = "<group>"; };
		7FD107B71B255B0D00571CE4 /* JSSMessageCenterViewController.m */ = {isa = PBXFileReference; fileEncoding = 4; lastKnownFileType = sourcecode.c.objc; path = JSSMessageCenterViewController.m; sourceTree = "<group>"; };
		7FD107BC1B255B0D00571CE4 /* JSSProfileViewController.h */ = {isa = PBXFileReference; fileEncoding = 4; lastKnownFileType = sourcecode.c.h; path = JSSProfileViewController.h; sourceTree = "<group>"; };
		7FD107BD1B255B0D00571CE4 /* JSSProfileViewController.m */ = {isa = PBXFileReference; fileEncoding = 4; lastKnownFileType = sourcecode.c.objc; path = JSSProfileViewController.m; sourceTree = "<group>"; };
		7FD107C11B255B0D00571CE4 /* JSSTest1ViewController.h */ = {isa = PBXFileReference; fileEncoding = 4; lastKnownFileType = sourcecode.c.h; path = JSSTest1ViewController.h; sourceTree = "<group>"; };
		7FD107C21B255B0D00571CE4 /* JSSTest1ViewController.m */ = {isa = PBXFileReference; fileEncoding = 4; lastKnownFileType = sourcecode.c.objc; path = JSSTest1ViewController.m; sourceTree = "<group>"; };
		7FD107C31B255B0D00571CE4 /* JSSTest1ViewController.xib */ = {isa = PBXFileReference; fileEncoding = 4; lastKnownFileType = file.xib; path = JSSTest1ViewController.xib; sourceTree = "<group>"; };
		7FD107C41B255B0D00571CE4 /* JSSTest2ViewController.h */ = {isa = PBXFileReference; fileEncoding = 4; lastKnownFileType = sourcecode.c.h; path = JSSTest2ViewController.h; sourceTree = "<group>"; };
		7FD107C51B255B0D00571CE4 /* JSSTest2ViewController.m */ = {isa = PBXFileReference; fileEncoding = 4; lastKnownFileType = sourcecode.c.objc; path = JSSTest2ViewController.m; sourceTree = "<group>"; };
		7FD107C61B255B0D00571CE4 /* JSSTest2ViewController.xib */ = {isa = PBXFileReference; fileEncoding = 4; lastKnownFileType = file.xib; path = JSSTest2ViewController.xib; sourceTree = "<group>"; };
		7FD107C71B255B0D00571CE4 /* JSSTest3ViewController.h */ = {isa = PBXFileReference; fileEncoding = 4; lastKnownFileType = sourcecode.c.h; path = JSSTest3ViewController.h; sourceTree = "<group>"; };
		7FD107C81B255B0D00571CE4 /* JSSTest3ViewController.m */ = {isa = PBXFileReference; fileEncoding = 4; lastKnownFileType = sourcecode.c.objc; path = JSSTest3ViewController.m; sourceTree = "<group>"; };
		7FD107C91B255B0D00571CE4 /* JSSTest3ViewController.xib */ = {isa = PBXFileReference; fileEncoding = 4; lastKnownFileType = file.xib; path = JSSTest3ViewController.xib; sourceTree = "<group>"; };
		7FD107D91B256B5E00571CE4 /* JSSItemTool.h */ = {isa = PBXFileReference; fileEncoding = 4; lastKnownFileType = sourcecode.c.h; path = JSSItemTool.h; sourceTree = "<group>"; };
		7FD107DA1B256B5E00571CE4 /* JSSItemTool.m */ = {isa = PBXFileReference; fileEncoding = 4; lastKnownFileType = sourcecode.c.objc; path = JSSItemTool.m; sourceTree = "<group>"; };
		7FD107DC1B256DE200571CE4 /* UIBarButtonItem+Extension.h */ = {isa = PBXFileReference; fileEncoding = 4; lastKnownFileType = sourcecode.c.h; path = "UIBarButtonItem+Extension.h"; sourceTree = "<group>"; };
		7FD107DD1B256DE200571CE4 /* UIBarButtonItem+Extension.m */ = {isa = PBXFileReference; fileEncoding = 4; lastKnownFileType = sourcecode.c.objc; path = "UIBarButtonItem+Extension.m"; sourceTree = "<group>"; };
		7FE130631B37E3F2007A5E09 /* NSDate+Extension.h */ = {isa = PBXFileReference; fileEncoding = 4; lastKnownFileType = sourcecode.c.h; path = "NSDate+Extension.h"; sourceTree = "<group>"; };
		7FE130641B37E3F2007A5E09 /* NSDate+Extension.m */ = {isa = PBXFileReference; fileEncoding = 4; lastKnownFileType = sourcecode.c.objc; path = "NSDate+Extension.m"; sourceTree = "<group>"; };
		7FE956621B346A58006B3317 /* JSSStatusCell.h */ = {isa = PBXFileReference; fileEncoding = 4; lastKnownFileType = sourcecode.c.h; path = JSSStatusCell.h; sourceTree = "<group>"; };
		7FE956631B346A58006B3317 /* JSSStatusCell.m */ = {isa = PBXFileReference; fileEncoding = 4; lastKnownFileType = sourcecode.c.objc; path = JSSStatusCell.m; sourceTree = "<group>"; };
		7FE956651B3475AB006B3317 /* JSSStatusFrame.h */ = {isa = PBXFileReference; fileEncoding = 4; lastKnownFileType = sourcecode.c.h; path = JSSStatusFrame.h; sourceTree = "<group>"; };
		7FE956661B3475AB006B3317 /* JSSStatusFrame.m */ = {isa = PBXFileReference; fileEncoding = 4; lastKnownFileType = sourcecode.c.objc; path = JSSStatusFrame.m; sourceTree = "<group>"; };
		7FEE15F31B38196F007A5765 /* fakeStatus.plist */ = {isa = PBXFileReference; fileEncoding = 4; lastKnownFileType = text.plist.xml; path = fakeStatus.plist; sourceTree = "<group>"; };
		7FEE15F51B38206C007A5765 /* NSString+Extension.h */ = {isa = PBXFileReference; fileEncoding = 4; lastKnownFileType = sourcecode.c.h; path = "NSString+Extension.h"; sourceTree = "<group>"; };
		7FEE15F61B38206C007A5765 /* NSString+Extension.m */ = {isa = PBXFileReference; fileEncoding = 4; lastKnownFileType = sourcecode.c.objc; path = "NSString+Extension.m"; sourceTree = "<group>"; };
		7FEE15FB1B3829A2007A5765 /* JSSStatusPhotosView.h */ = {isa = PBXFileReference; fileEncoding = 4; lastKnownFileType = sourcecode.c.h; path = JSSStatusPhotosView.h; sourceTree = "<group>"; };
		7FEE15FC1B3829A2007A5765 /* JSSStatusPhotosView.m */ = {isa = PBXFileReference; fileEncoding = 4; lastKnownFileType = sourcecode.c.objc; path = JSSStatusPhotosView.m; sourceTree = "<group>"; };
		7FEE15FE1B38466A007A5765 /* JSSStatusPhotoView.h */ = {isa = PBXFileReference; fileEncoding = 4; lastKnownFileType = sourcecode.c.h; path = JSSStatusPhotoView.h; sourceTree = "<group>"; };
		7FEE15FF1B38466A007A5765 /* JSSStatusPhotoView.m */ = {isa = PBXFileReference; fileEncoding = 4; lastKnownFileType = sourcecode.c.objc; path = JSSStatusPhotoView.m; sourceTree = "<group>"; };
		7FFD45CF1B24677C00A7F4BF /* 高仿微博.app */ = {isa = PBXFileReference; explicitFileType = wrapper.application; includeInIndex = 0; path = "高仿微博.app"; sourceTree = BUILT_PRODUCTS_DIR; };
		7FFD45D21B24677C00A7F4BF /* Foundation.framework */ = {isa = PBXFileReference; lastKnownFileType = wrapper.framework; name = Foundation.framework; path = System/Library/Frameworks/Foundation.framework; sourceTree = SDKROOT; };
		7FFD45D41B24677C00A7F4BF /* CoreGraphics.framework */ = {isa = PBXFileReference; lastKnownFileType = wrapper.framework; name = CoreGraphics.framework; path = System/Library/Frameworks/CoreGraphics.framework; sourceTree = SDKROOT; };
		7FFD45D61B24677C00A7F4BF /* UIKit.framework */ = {isa = PBXFileReference; lastKnownFileType = wrapper.framework; name = UIKit.framework; path = System/Library/Frameworks/UIKit.framework; sourceTree = SDKROOT; };
		7FFD45DA1B24677C00A7F4BF /* 高仿微博-Info.plist */ = {isa = PBXFileReference; lastKnownFileType = text.plist.xml; path = "高仿微博-Info.plist"; sourceTree = "<group>"; };
		7FFD45DC1B24677C00A7F4BF /* en */ = {isa = PBXFileReference; lastKnownFileType = text.plist.strings; name = en; path = en.lproj/InfoPlist.strings; sourceTree = "<group>"; };
		7FFD45E01B24677C00A7F4BF /* 高仿微博-Prefix.pch */ = {isa = PBXFileReference; lastKnownFileType = sourcecode.c.h; path = "高仿微博-Prefix.pch"; sourceTree = "<group>"; };
		7FFD45EA1B24677C00A7F4BF /* Images.xcassets */ = {isa = PBXFileReference; lastKnownFileType = folder.assetcatalog; path = Images.xcassets; sourceTree = "<group>"; };
		7FFD45F01B24677C00A7F4BF /* 高仿微博Tests.xctest */ = {isa = PBXFileReference; explicitFileType = wrapper.cfbundle; includeInIndex = 0; path = "高仿微博Tests.xctest"; sourceTree = BUILT_PRODUCTS_DIR; };
		7FFD45F11B24677C00A7F4BF /* XCTest.framework */ = {isa = PBXFileReference; lastKnownFileType = wrapper.framework; name = XCTest.framework; path = Library/Frameworks/XCTest.framework; sourceTree = DEVELOPER_DIR; };
		7FFD45F91B24677C00A7F4BF /* 高仿微博Tests-Info.plist */ = {isa = PBXFileReference; lastKnownFileType = text.plist.xml; path = "高仿微博Tests-Info.plist"; sourceTree = "<group>"; };
		7FFD45FB1B24677C00A7F4BF /* en */ = {isa = PBXFileReference; lastKnownFileType = text.plist.strings; name = en; path = en.lproj/InfoPlist.strings; sourceTree = "<group>"; };
		7FFD45FD1B24677C00A7F4BF /* ____Tests.m */ = {isa = PBXFileReference; lastKnownFileType = sourcecode.c.objc; path = "____Tests.m"; sourceTree = "<group>"; };
/* End PBXFileReference section */

/* Begin PBXFrameworksBuildPhase section */
		7FFD45CC1B24677C00A7F4BF /* Frameworks */ = {
			isa = PBXFrameworksBuildPhase;
			buildActionMask = 2147483647;
			files = (
				7FFD45D51B24677C00A7F4BF /* CoreGraphics.framework in Frameworks */,
				7FFD45D71B24677C00A7F4BF /* UIKit.framework in Frameworks */,
				7FFD45D31B24677C00A7F4BF /* Foundation.framework in Frameworks */,
			);
			runOnlyForDeploymentPostprocessing = 0;
		};
		7FFD45ED1B24677C00A7F4BF /* Frameworks */ = {
			isa = PBXFrameworksBuildPhase;
			buildActionMask = 2147483647;
			files = (
				7FFD45F21B24677C00A7F4BF /* XCTest.framework in Frameworks */,
				7FFD45F41B24677C00A7F4BF /* UIKit.framework in Frameworks */,
				7FFD45F31B24677C00A7F4BF /* Foundation.framework in Frameworks */,
			);
			runOnlyForDeploymentPostprocessing = 0;
		};
/* End PBXFrameworksBuildPhase section */

/* Begin PBXGroup section */
		7F2D925F1B2DE28100A8657C /* SDWebImage */ = {
			isa = PBXGroup;
			children = (
				7F2D92601B2DE28100A8657C /* MKAnnotationView+WebCache.h */,
				7F2D92611B2DE28100A8657C /* MKAnnotationView+WebCache.m */,
				7F2D92621B2DE28100A8657C /* NSData+ImageContentType.h */,
				7F2D92631B2DE28100A8657C /* NSData+ImageContentType.m */,
				7F2D92641B2DE28100A8657C /* SDImageCache.h */,
				7F2D92651B2DE28100A8657C /* SDImageCache.m */,
				7F2D92661B2DE28100A8657C /* SDWebImageCompat.h */,
				7F2D92671B2DE28100A8657C /* SDWebImageCompat.m */,
				7F2D92681B2DE28100A8657C /* SDWebImageDecoder.h */,
				7F2D92691B2DE28100A8657C /* SDWebImageDecoder.m */,
				7F2D926A1B2DE28100A8657C /* SDWebImageDownloader.h */,
				7F2D926B1B2DE28100A8657C /* SDWebImageDownloader.m */,
				7F2D926C1B2DE28100A8657C /* SDWebImageDownloaderOperation.h */,
				7F2D926D1B2DE28100A8657C /* SDWebImageDownloaderOperation.m */,
				7F2D926E1B2DE28100A8657C /* SDWebImageManager.h */,
				7F2D926F1B2DE28100A8657C /* SDWebImageManager.m */,
				7F2D92701B2DE28100A8657C /* SDWebImageOperation.h */,
				7F2D92711B2DE28100A8657C /* SDWebImagePrefetcher.h */,
				7F2D92721B2DE28100A8657C /* SDWebImagePrefetcher.m */,
				7F2D92731B2DE28100A8657C /* UIButton+WebCache.h */,
				7F2D92741B2DE28100A8657C /* UIButton+WebCache.m */,
				7F2D92751B2DE28100A8657C /* UIImage+GIF.h */,
				7F2D92761B2DE28100A8657C /* UIImage+GIF.m */,
				7F2D92771B2DE28100A8657C /* UIImage+MultiFormat.h */,
				7F2D92781B2DE28100A8657C /* UIImage+MultiFormat.m */,
				7F2D92791B2DE28100A8657C /* UIImage+WebP.h */,
				7F2D927A1B2DE28100A8657C /* UIImage+WebP.m */,
				7F2D927B1B2DE28100A8657C /* UIImageView+HighlightedWebCache.h */,
				7F2D927C1B2DE28100A8657C /* UIImageView+HighlightedWebCache.m */,
				7F2D927D1B2DE28100A8657C /* UIImageView+WebCache.h */,
				7F2D927E1B2DE28100A8657C /* UIImageView+WebCache.m */,
				7F2D927F1B2DE28100A8657C /* UIView+WebCacheOperation.h */,
				7F2D92801B2DE28100A8657C /* UIView+WebCacheOperation.m */,
			);
			path = SDWebImage;
			sourceTree = "<group>";
		};
		7F395C6E1B292C3A006ED46A /* MBProgressHUD */ = {
			isa = PBXGroup;
			children = (
				7F395C6F1B292C3A006ED46A /* MBProgressHUD+MJ.h */,
				7F395C701B292C3A006ED46A /* MBProgressHUD+MJ.m */,
				7F395C711B292C3A006ED46A /* MBProgressHUD.bundle */,
				7F395C721B292C3A006ED46A /* MBProgressHUD.h */,
				7F395C731B292C3A006ED46A /* MBProgressHUD.m */,
			);
			path = MBProgressHUD;
			sourceTree = "<group>";
		};
		7F395C771B292DB4006ED46A /* model */ = {
			isa = PBXGroup;
			children = (
				7F395C781B292DEA006ED46A /* JSSOAuthAccount.h */,
				7F395C791B292DEA006ED46A /* JSSOAuthAccount.m */,
			);
			path = model;
			sourceTree = "<group>";
		};
		7F395C7B1B293A2C006ED46A /* tool */ = {
			isa = PBXGroup;
			children = (
				7F395C7C1B293A4C006ED46A /* JSSOAuthAccountTool.h */,
				7F395C7D1B293A4C006ED46A /* JSSOAuthAccountTool.m */,
			);
			path = tool;
			sourceTree = "<group>";
		};
		7F4E98AE1B2884A60081EFB7 /* OAuth(授权) */ = {
			isa = PBXGroup;
			children = (
				7F395C7B1B293A2C006ED46A /* tool */,
				7F395C771B292DB4006ED46A /* model */,
				7F4E98AF1B2884A60081EFB7 /* controller */,
			);
			path = "OAuth(授权)";
			sourceTree = "<group>";
		};
		7F4E98AF1B2884A60081EFB7 /* controller */ = {
			isa = PBXGroup;
			children = (
				7F4E98B01B2884D80081EFB7 /* JSSOAuthViewController.h */,
				7F4E98B11B2884D80081EFB7 /* JSSOAuthViewController.m */,
			);
			path = controller;
			sourceTree = "<group>";
		};
		7F4E98B31B28962E0081EFB7 /* lib */ = {
			isa = PBXGroup;
			children = (
				7FAA88671B2F1B1300C50303 /* MJExtension */,
				7F2D925F1B2DE28100A8657C /* SDWebImage */,
				7F395C6E1B292C3A006ED46A /* MBProgressHUD */,
				7F4E98B41B2896580081EFB7 /* AFNetworking */,
			);
			path = lib;
			sourceTree = "<group>";
		};
		7F4E98B41B2896580081EFB7 /* AFNetworking */ = {
			isa = PBXGroup;
			children = (
				7F4E98B51B2896580081EFB7 /* AFHTTPRequestOperation.h */,
				7F4E98B61B2896580081EFB7 /* AFHTTPRequestOperation.m */,
				7F4E98B71B2896580081EFB7 /* AFHTTPRequestOperationManager.h */,
				7F4E98B81B2896580081EFB7 /* AFHTTPRequestOperationManager.m */,
				7F4E98B91B2896580081EFB7 /* AFHTTPSessionManager.h */,
				7F4E98BA1B2896580081EFB7 /* AFHTTPSessionManager.m */,
				7F4E98BB1B2896580081EFB7 /* AFNetworking.h */,
				7F4E98BC1B2896580081EFB7 /* AFNetworkReachabilityManager.h */,
				7F4E98BD1B2896580081EFB7 /* AFNetworkReachabilityManager.m */,
				7F4E98BE1B2896580081EFB7 /* AFSecurityPolicy.h */,
				7F4E98BF1B2896580081EFB7 /* AFSecurityPolicy.m */,
				7F4E98C01B2896580081EFB7 /* AFURLConnectionOperation.h */,
				7F4E98C11B2896580081EFB7 /* AFURLConnectionOperation.m */,
				7F4E98C21B2896580081EFB7 /* AFURLRequestSerialization.h */,
				7F4E98C31B2896580081EFB7 /* AFURLRequestSerialization.m */,
				7F4E98C41B2896580081EFB7 /* AFURLResponseSerialization.h */,
				7F4E98C51B2896580081EFB7 /* AFURLResponseSerialization.m */,
				7F4E98C61B2896580081EFB7 /* AFURLSessionManager.h */,
				7F4E98C71B2896580081EFB7 /* AFURLSessionManager.m */,
			);
			path = AFNetworking;
			sourceTree = "<group>";
		};
		7F7A4D841B27E74E0044AA98 /* Newfeature(新特性) */ = {
			isa = PBXGroup;
			children = (
				7F7A4D851B27E74E0044AA98 /* controller */,
			);
			path = "Newfeature(新特性)";
			sourceTree = "<group>";
		};
		7F7A4D851B27E74E0044AA98 /* controller */ = {
			isa = PBXGroup;
			children = (
				7F7A4D861B27E76D0044AA98 /* JSSNewfeatureViewController.h */,
				7F7A4D871B27E76D0044AA98 /* JSSNewfeatureViewController.m */,
			);
			path = controller;
			sourceTree = "<group>";
		};
		7F8B04BC1B3D1177000AA6A8 /* Compose(发微博) */ = {
			isa = PBXGroup;
			children = (
				7F8B04BD1B3D1177000AA6A8 /* controller */,
			);
			path = "Compose(发微博)";
			sourceTree = "<group>";
		};
		7F8B04BD1B3D1177000AA6A8 /* controller */ = {
			isa = PBXGroup;
			children = (
				7F8B04BE1B3D1197000AA6A8 /* JSSComposeViewController.h */,
				7F8B04BF1B3D1197000AA6A8 /* JSSComposeViewController.m */,
			);
			path = controller;
			sourceTree = "<group>";
		};
		7F987D011B2483FE0096BBAA /* Classes */ = {
			isa = PBXGroup;
			children = (
				7F8B04BC1B3D1177000AA6A8 /* Compose(发微博) */,
				7F4E98AE1B2884A60081EFB7 /* OAuth(授权) */,
				7F7A4D841B27E74E0044AA98 /* Newfeature(新特性) */,
				7FD107A51B255B0D00571CE4 /* Main(主要) */,
				7FD1079F1B255B0D00571CE4 /* Home(主页) */,
				7FD107B41B255B0D00571CE4 /* MessageCenter(消息) */,
				7FD107991B255B0D00571CE4 /* Discover(发现) */,
				7FD107BA1B255B0D00571CE4 /* Profile(我) */,
				7FD107C01B255B0D00571CE4 /* Temp(临时) */,
			);
			path = Classes;
			sourceTree = "<group>";
		};
		7FAA88671B2F1B1300C50303 /* MJExtension */ = {
			isa = PBXGroup;
			children = (
				7FAA88681B2F1B1300C50303 /* MJArgument.h */,
				7FAA88691B2F1B1300C50303 /* MJArgument.m */,
				7FAA886A1B2F1B1300C50303 /* MJConst.h */,
				7FAA886B1B2F1B1300C50303 /* MJConst.m */,
				7FAA886C1B2F1B1300C50303 /* MJExtension.h */,
				7FAA886D1B2F1B1300C50303 /* MJFoundation.h */,
				7FAA886E1B2F1B1300C50303 /* MJFoundation.m */,
				7FAA886F1B2F1B1300C50303 /* MJIvar.h */,
				7FAA88701B2F1B1300C50303 /* MJIvar.m */,
				7FAA88711B2F1B1300C50303 /* MJMember.h */,
				7FAA88721B2F1B1300C50303 /* MJMember.m */,
				7FAA88731B2F1B1300C50303 /* MJMethod.h */,
				7FAA88741B2F1B1300C50303 /* MJMethod.m */,
				7FAA88751B2F1B1300C50303 /* MJType.h */,
				7FAA88761B2F1B1300C50303 /* MJType.m */,
				7FAA88771B2F1B1300C50303 /* MJTypeEncoding.h */,
				7FAA88781B2F1B1300C50303 /* MJTypeEncoding.m */,
				7FAA88791B2F1B1300C50303 /* NSObject+MJCoding.h */,
				7FAA887A1B2F1B1300C50303 /* NSObject+MJCoding.m */,
				7FAA887B1B2F1B1300C50303 /* NSObject+MJKeyValue.h */,
				7FAA887C1B2F1B1300C50303 /* NSObject+MJKeyValue.m */,
				7FAA887D1B2F1B1300C50303 /* NSObject+MJMember.h */,
				7FAA887E1B2F1B1300C50303 /* NSObject+MJMember.m */,
			);
			path = MJExtension;
			sourceTree = "<group>";
		};
		7FD107991B255B0D00571CE4 /* Discover(发现) */ = {
			isa = PBXGroup;
			children = (
				7FD1079A1B255B0D00571CE4 /* controller */,
				7FD1079D1B255B0D00571CE4 /* model */,
				7FD1079E1B255B0D00571CE4 /* view */,
			);
			path = "Discover(发现)";
			sourceTree = "<group>";
		};
		7FD1079A1B255B0D00571CE4 /* controller */ = {
			isa = PBXGroup;
			children = (
				7FD1079B1B255B0D00571CE4 /* JSSDiscoverViewController.h */,
				7FD1079C1B255B0D00571CE4 /* JSSDiscoverViewController.m */,
			);
			path = controller;
			sourceTree = "<group>";
		};
		7FD1079D1B255B0D00571CE4 /* model */ = {
			isa = PBXGroup;
			children = (
			);
			path = model;
			sourceTree = "<group>";
		};
		7FD1079E1B255B0D00571CE4 /* view */ = {
			isa = PBXGroup;
			children = (
			);
			path = view;
			sourceTree = "<group>";
		};
		7FD1079F1B255B0D00571CE4 /* Home(主页) */ = {
			isa = PBXGroup;
			children = (
				7FD107A01B255B0D00571CE4 /* controller */,
				7FD107A31B255B0D00571CE4 /* model */,
				7FD107A41B255B0D00571CE4 /* view */,
			);
			path = "Home(主页)";
			sourceTree = "<group>";
		};
		7FD107A01B255B0D00571CE4 /* controller */ = {
			isa = PBXGroup;
			children = (
				7FD107A11B255B0D00571CE4 /* JSSHomeViewController.h */,
				7FD107A21B255B0D00571CE4 /* JSSHomeViewController.m */,
			);
			path = controller;
			sourceTree = "<group>";
		};
		7FD107A31B255B0D00571CE4 /* model */ = {
			isa = PBXGroup;
			children = (
				7FAA88611B2F08BC00C50303 /* JSSStatus.h */,
				7FAA88621B2F08BC00C50303 /* JSSStatus.m */,
				7FAA88641B2F091200C50303 /* JSSUser.h */,
				7FAA88651B2F091200C50303 /* JSSUser.m */,
				7FE956651B3475AB006B3317 /* JSSStatusFrame.h */,
				7FE956661B3475AB006B3317 /* JSSStatusFrame.m */,
				7F57F04D1B355DDA00ACD4B8 /* JSSPhoto.h */,
				7F57F04E1B355DDA00ACD4B8 /* JSSPhoto.m */,
			);
			path = model;
			sourceTree = "<group>";
		};
		7FD107A41B255B0D00571CE4 /* view */ = {
			isa = PBXGroup;
			children = (
				7F5F37661B25E73700D285DC /* JSSTitleMenuViewController.h */,
				7F5F37671B25E73700D285DC /* JSSTitleMenuViewController.m */,
				7F10DAD01B298865000EB915 /* JSSTitleButton.h */,
				7F10DAD11B298865000EB915 /* JSSTitleButton.m */,
				7FC5E09B1B32F569002E3BD8 /* JSSLoadMoreFooter.h */,
				7FC5E09C1B32F569002E3BD8 /* JSSLoadMoreFooter.m */,
				7FC5E09E1B32F58B002E3BD8 /* JSSLoadMoreFooter.xib */,
				7FE956621B346A58006B3317 /* JSSStatusCell.h */,
				7FE956631B346A58006B3317 /* JSSStatusCell.m */,
				7F131D041B36ABB400CEF02F /* JSSToolbar.h */,
				7F131D051B36ABB400CEF02F /* JSSToolbar.m */,
				7FEE15FB1B3829A2007A5765 /* JSSStatusPhotosView.h */,
				7FEE15FC1B3829A2007A5765 /* JSSStatusPhotosView.m */,
				7FEE15FE1B38466A007A5765 /* JSSStatusPhotoView.h */,
				7FEE15FF1B38466A007A5765 /* JSSStatusPhotoView.m */,
			);
			path = view;
			sourceTree = "<group>";
		};
		7FD107A51B255B0D00571CE4 /* Main(主要) */ = {
			isa = PBXGroup;
			children = (
				7F4E98B31B28962E0081EFB7 /* lib */,
				7FD107A61B255B0D00571CE4 /* category */,
				7FD107A91B255B0D00571CE4 /* controller */,
				7FD107AE1B255B0D00571CE4 /* model */,
				7FD107AF1B255B0D00571CE4 /* other */,
				7FD107B31B255B0D00571CE4 /* view */,
			);
			path = "Main(主要)";
			sourceTree = "<group>";
		};
		7FD107A61B255B0D00571CE4 /* category */ = {
			isa = PBXGroup;
			children = (
				7FD107A71B255B0D00571CE4 /* UIView+Extension.h */,
				7FD107A81B255B0D00571CE4 /* UIView+Extension.m */,
				7FD107DC1B256DE200571CE4 /* UIBarButtonItem+Extension.h */,
				7FD107DD1B256DE200571CE4 /* UIBarButtonItem+Extension.m */,
				7F395C7F1B294A12006ED46A /* UIWindow+Extension.h */,
				7F395C801B294A12006ED46A /* UIWindow+Extension.m */,
				7FE130631B37E3F2007A5E09 /* NSDate+Extension.h */,
				7FE130641B37E3F2007A5E09 /* NSDate+Extension.m */,
				7FEE15F51B38206C007A5765 /* NSString+Extension.h */,
				7FEE15F61B38206C007A5765 /* NSString+Extension.m */,
			);
			path = category;
			sourceTree = "<group>";
		};
		7FD107A91B255B0D00571CE4 /* controller */ = {
			isa = PBXGroup;
			children = (
				7FD107AA1B255B0D00571CE4 /* JSSNavigationController.h */,
				7FD107AB1B255B0D00571CE4 /* JSSNavigationController.m */,
				7FD107AC1B255B0D00571CE4 /* JSSTabBarViewController.h */,
				7FD107AD1B255B0D00571CE4 /* JSSTabBarViewController.m */,
			);
			path = controller;
			sourceTree = "<group>";
		};
		7FD107AE1B255B0D00571CE4 /* model */ = {
			isa = PBXGroup;
			children = (
			);
			path = model;
			sourceTree = "<group>";
		};
		7FD107AF1B255B0D00571CE4 /* other */ = {
			isa = PBXGroup;
			children = (
				7FD107B01B255B0D00571CE4 /* JSSAppDelegate.h */,
				7FD107B11B255B0D00571CE4 /* JSSAppDelegate.m */,
				7FD107B21B255B0D00571CE4 /* main.m */,
			);
			path = other;
			sourceTree = "<group>";
		};
		7FD107B31B255B0D00571CE4 /* view */ = {
			isa = PBXGroup;
			children = (
				7F5F37601B25AD0A00D285DC /* JSSSearchBar.h */,
				7F5F37611B25AD0A00D285DC /* JSSSearchBar.m */,
				7F5F37631B25DBD000D285DC /* JSSDropDownMenu.h */,
				7F5F37641B25DBD000D285DC /* JSSDropDownMenu.m */,
				7FCFBE461B2735E900DD1BC7 /* JSSTabBar.h */,
				7FCFBE471B2735E900DD1BC7 /* JSSTabBar.m */,
				7FCE93251B385F7000996636 /* JSSIconImageView.h */,
				7FCE93261B385F7000996636 /* JSSIconImageView.m */,
			);
			path = view;
			sourceTree = "<group>";
		};
		7FD107B41B255B0D00571CE4 /* MessageCenter(消息) */ = {
			isa = PBXGroup;
			children = (
				7FD107B51B255B0D00571CE4 /* controller */,
				7FD107B81B255B0D00571CE4 /* model */,
				7FD107B91B255B0D00571CE4 /* view */,
			);
			path = "MessageCenter(消息)";
			sourceTree = "<group>";
		};
		7FD107B51B255B0D00571CE4 /* controller */ = {
			isa = PBXGroup;
			children = (
				7FD107B61B255B0D00571CE4 /* JSSMessageCenterViewController.h */,
				7FD107B71B255B0D00571CE4 /* JSSMessageCenterViewController.m */,
			);
			path = controller;
			sourceTree = "<group>";
		};
		7FD107B81B255B0D00571CE4 /* model */ = {
			isa = PBXGroup;
			children = (
			);
			path = model;
			sourceTree = "<group>";
		};
		7FD107B91B255B0D00571CE4 /* view */ = {
			isa = PBXGroup;
			children = (
			);
			path = view;
			sourceTree = "<group>";
		};
		7FD107BA1B255B0D00571CE4 /* Profile(我) */ = {
			isa = PBXGroup;
			children = (
				7FD107BB1B255B0D00571CE4 /* controller */,
				7FD107BE1B255B0D00571CE4 /* model */,
				7FD107BF1B255B0D00571CE4 /* view */,
			);
			path = "Profile(我)";
			sourceTree = "<group>";
		};
		7FD107BB1B255B0D00571CE4 /* controller */ = {
			isa = PBXGroup;
			children = (
				7FD107BC1B255B0D00571CE4 /* JSSProfileViewController.h */,
				7FD107BD1B255B0D00571CE4 /* JSSProfileViewController.m */,
			);
			path = controller;
			sourceTree = "<group>";
		};
		7FD107BE1B255B0D00571CE4 /* model */ = {
			isa = PBXGroup;
			children = (
			);
			path = model;
			sourceTree = "<group>";
		};
		7FD107BF1B255B0D00571CE4 /* view */ = {
			isa = PBXGroup;
			children = (
			);
			path = view;
			sourceTree = "<group>";
		};
		7FD107C01B255B0D00571CE4 /* Temp(临时) */ = {
			isa = PBXGroup;
			children = (
				7FD107C11B255B0D00571CE4 /* JSSTest1ViewController.h */,
				7FD107C21B255B0D00571CE4 /* JSSTest1ViewController.m */,
				7FD107C31B255B0D00571CE4 /* JSSTest1ViewController.xib */,
				7FD107C41B255B0D00571CE4 /* JSSTest2ViewController.h */,
				7FD107C51B255B0D00571CE4 /* JSSTest2ViewController.m */,
				7FD107C61B255B0D00571CE4 /* JSSTest2ViewController.xib */,
				7FD107C71B255B0D00571CE4 /* JSSTest3ViewController.h */,
				7FD107C81B255B0D00571CE4 /* JSSTest3ViewController.m */,
				7FD107C91B255B0D00571CE4 /* JSSTest3ViewController.xib */,
				7FD107D91B256B5E00571CE4 /* JSSItemTool.h */,
				7FD107DA1B256B5E00571CE4 /* JSSItemTool.m */,
			);
			path = "Temp(临时)";
			sourceTree = "<group>";
		};
		7FFD45C61B24677C00A7F4BF = {
			isa = PBXGroup;
			children = (
				7FFD45D81B24677C00A7F4BF /* 高仿微博 */,
				7FFD45F71B24677C00A7F4BF /* 高仿微博Tests */,
				7FFD45D11B24677C00A7F4BF /* Frameworks */,
				7FFD45D01B24677C00A7F4BF /* Products */,
			);
			sourceTree = "<group>";
		};
		7FFD45D01B24677C00A7F4BF /* Products */ = {
			isa = PBXGroup;
			children = (
				7FFD45CF1B24677C00A7F4BF /* 高仿微博.app */,
				7FFD45F01B24677C00A7F4BF /* 高仿微博Tests.xctest */,
			);
			name = Products;
			sourceTree = "<group>";
		};
		7FFD45D11B24677C00A7F4BF /* Frameworks */ = {
			isa = PBXGroup;
			children = (
				7FFD45D21B24677C00A7F4BF /* Foundation.framework */,
				7FFD45D41B24677C00A7F4BF /* CoreGraphics.framework */,
				7FFD45D61B24677C00A7F4BF /* UIKit.framework */,
				7FFD45F11B24677C00A7F4BF /* XCTest.framework */,
			);
			name = Frameworks;
			sourceTree = "<group>";
		};
		7FFD45D81B24677C00A7F4BF /* 高仿微博 */ = {
			isa = PBXGroup;
			children = (
				7F987D011B2483FE0096BBAA /* Classes */,
				7FFD45D91B24677C00A7F4BF /* Supporting Files */,
			);
			path = "高仿微博";
			sourceTree = "<group>";
		};
		7FFD45D91B24677C00A7F4BF /* Supporting Files */ = {
			isa = PBXGroup;
			children = (
				7FEE15F31B38196F007A5765 /* fakeStatus.plist */,
				7FFD45EA1B24677C00A7F4BF /* Images.xcassets */,
				7FFD45DA1B24677C00A7F4BF /* 高仿微博-Info.plist */,
				7FFD45DB1B24677C00A7F4BF /* InfoPlist.strings */,
				7FFD45E01B24677C00A7F4BF /* 高仿微博-Prefix.pch */,
			);
			name = "Supporting Files";
			sourceTree = "<group>";
		};
		7FFD45F71B24677C00A7F4BF /* 高仿微博Tests */ = {
			isa = PBXGroup;
			children = (
				7FFD45FD1B24677C00A7F4BF /* ____Tests.m */,
				7FFD45F81B24677C00A7F4BF /* Supporting Files */,
			);
			path = "高仿微博Tests";
			sourceTree = "<group>";
		};
		7FFD45F81B24677C00A7F4BF /* Supporting Files */ = {
			isa = PBXGroup;
			children = (
				7FFD45F91B24677C00A7F4BF /* 高仿微博Tests-Info.plist */,
				7FFD45FA1B24677C00A7F4BF /* InfoPlist.strings */,
			);
			name = "Supporting Files";
			sourceTree = "<group>";
		};
/* End PBXGroup section */

/* Begin PBXNativeTarget section */
		7FFD45CE1B24677C00A7F4BF /* 高仿微博 */ = {
			isa = PBXNativeTarget;
			buildConfigurationList = 7FFD46011B24677C00A7F4BF /* Build configuration list for PBXNativeTarget "高仿微博" */;
			buildPhases = (
				7FFD45CB1B24677C00A7F4BF /* Sources */,
				7FFD45CC1B24677C00A7F4BF /* Frameworks */,
				7FFD45CD1B24677C00A7F4BF /* Resources */,
			);
			buildRules = (
			);
			dependencies = (
			);
			name = "高仿微博";
			productName = "高仿微博";
			productReference = 7FFD45CF1B24677C00A7F4BF /* 高仿微博.app */;
			productType = "com.apple.product-type.application";
		};
		7FFD45EF1B24677C00A7F4BF /* 高仿微博Tests */ = {
			isa = PBXNativeTarget;
			buildConfigurationList = 7FFD46041B24677C00A7F4BF /* Build configuration list for PBXNativeTarget "高仿微博Tests" */;
			buildPhases = (
				7FFD45EC1B24677C00A7F4BF /* Sources */,
				7FFD45ED1B24677C00A7F4BF /* Frameworks */,
				7FFD45EE1B24677C00A7F4BF /* Resources */,
			);
			buildRules = (
			);
			dependencies = (
				7FFD45F61B24677C00A7F4BF /* PBXTargetDependency */,
			);
			name = "高仿微博Tests";
			productName = "高仿微博Tests";
			productReference = 7FFD45F01B24677C00A7F4BF /* 高仿微博Tests.xctest */;
			productType = "com.apple.product-type.bundle.unit-test";
		};
/* End PBXNativeTarget section */

/* Begin PBXProject section */
		7FFD45C71B24677C00A7F4BF /* Project object */ = {
			isa = PBXProject;
			attributes = {
				CLASSPREFIX = JSS;
				LastUpgradeCheck = 0510;
				ORGANIZATIONNAME = JiShangsong;
				TargetAttributes = {
					7FFD45EF1B24677C00A7F4BF = {
						TestTargetID = 7FFD45CE1B24677C00A7F4BF;
					};
				};
			};
			buildConfigurationList = 7FFD45CA1B24677C00A7F4BF /* Build configuration list for PBXProject "高仿微博" */;
			compatibilityVersion = "Xcode 3.2";
			developmentRegion = English;
			hasScannedForEncodings = 0;
			knownRegions = (
				en,
				Base,
			);
			mainGroup = 7FFD45C61B24677C00A7F4BF;
			productRefGroup = 7FFD45D01B24677C00A7F4BF /* Products */;
			projectDirPath = "";
			projectRoot = "";
			targets = (
				7FFD45CE1B24677C00A7F4BF /* 高仿微博 */,
				7FFD45EF1B24677C00A7F4BF /* 高仿微博Tests */,
			);
		};
/* End PBXProject section */

/* Begin PBXResourcesBuildPhase section */
		7FFD45CD1B24677C00A7F4BF /* Resources */ = {
			isa = PBXResourcesBuildPhase;
			buildActionMask = 2147483647;
			files = (
				7FD107D61B255B0D00571CE4 /* JSSTest2ViewController.xib in Resources */,
				7FFD45EB1B24677C00A7F4BF /* Images.xcassets in Resources */,
				7FFD45DD1B24677C00A7F4BF /* InfoPlist.strings in Resources */,
				7FD107D81B255B0D00571CE4 /* JSSTest3ViewController.xib in Resources */,
				7FD107D41B255B0D00571CE4 /* JSSTest1ViewController.xib in Resources */,
				7FEE15F41B381970007A5765 /* fakeStatus.plist in Resources */,
				7F395C751B292C3A006ED46A /* MBProgressHUD.bundle in Resources */,
				7FC5E09F1B32F58B002E3BD8 /* JSSLoadMoreFooter.xib in Resources */,
			);
			runOnlyForDeploymentPostprocessing = 0;
		};
		7FFD45EE1B24677C00A7F4BF /* Resources */ = {
			isa = PBXResourcesBuildPhase;
			buildActionMask = 2147483647;
			files = (
				7FFD45FC1B24677C00A7F4BF /* InfoPlist.strings in Resources */,
			);
			runOnlyForDeploymentPostprocessing = 0;
		};
/* End PBXResourcesBuildPhase section */

/* Begin PBXSourcesBuildPhase section */
		7FFD45CB1B24677C00A7F4BF /* Sources */ = {
			isa = PBXSourcesBuildPhase;
			buildActionMask = 2147483647;
			files = (
				7FAA88891B2F1B1300C50303 /* NSObject+MJMember.m in Sources */,
				7FAA88831B2F1B1300C50303 /* MJMember.m in Sources */,
				7F4E98CE1B2896580081EFB7 /* AFURLRequestSerialization.m in Sources */,
				7F4E98CD1B2896580081EFB7 /* AFURLConnectionOperation.m in Sources */,
				7FAA88631B2F08BC00C50303 /* JSSStatus.m in Sources */,
				7FEE15F71B38206C007A5765 /* NSString+Extension.m in Sources */,
				7FCFBE481B2735E900DD1BC7 /* JSSTabBar.m in Sources */,
				7FD107D11B255B0D00571CE4 /* JSSMessageCenterViewController.m in Sources */,
				7F2D92841B2DE28100A8657C /* SDWebImageCompat.m in Sources */,
				7FD107CD1B255B0D00571CE4 /* JSSNavigationController.m in Sources */,
				7F4E98D01B2896580081EFB7 /* AFURLSessionManager.m in Sources */,
				7FAA88861B2F1B1300C50303 /* MJTypeEncoding.m in Sources */,
				7FCE93271B385F7000996636 /* JSSIconImageView.m in Sources */,
				7FE956671B3475AB006B3317 /* JSSStatusFrame.m in Sources */,
				7F2D928A1B2DE28100A8657C /* UIButton+WebCache.m in Sources */,
				7F395C741B292C3A006ED46A /* MBProgressHUD+MJ.m in Sources */,
				7F4E98B21B2884D80081EFB7 /* JSSOAuthViewController.m in Sources */,
				7F2D92881B2DE28100A8657C /* SDWebImageManager.m in Sources */,
				7FD107D21B255B0D00571CE4 /* JSSProfileViewController.m in Sources */,
				7F7A4D881B27E76D0044AA98 /* JSSNewfeatureViewController.m in Sources */,
				7F395C7A1B292DEA006ED46A /* JSSOAuthAccount.m in Sources */,
				7FAA88851B2F1B1300C50303 /* MJType.m in Sources */,
				7FAA88811B2F1B1300C50303 /* MJFoundation.m in Sources */,
				7F2D92851B2DE28100A8657C /* SDWebImageDecoder.m in Sources */,
				7F395C811B294A12006ED46A /* UIWindow+Extension.m in Sources */,
				7F57F04F1B355DDA00ACD4B8 /* JSSPhoto.m in Sources */,
				7F4E98CC1B2896580081EFB7 /* AFSecurityPolicy.m in Sources */,
				7FAA88871B2F1B1300C50303 /* NSObject+MJCoding.m in Sources */,
				7FC5E09D1B32F569002E3BD8 /* JSSLoadMoreFooter.m in Sources */,
				7F4E98C81B2896580081EFB7 /* AFHTTPRequestOperation.m in Sources */,
				7FD107CC1B255B0D00571CE4 /* UIView+Extension.m in Sources */,
				7F2D928D1B2DE28100A8657C /* UIImage+WebP.m in Sources */,
				7F8B04C01B3D1197000AA6A8 /* JSSComposeViewController.m in Sources */,
				7FE956641B346A59006B3317 /* JSSStatusCell.m in Sources */,
				7FD107CE1B255B0D00571CE4 /* JSSTabBarViewController.m in Sources */,
				7F2D92871B2DE28100A8657C /* SDWebImageDownloaderOperation.m in Sources */,
				7F395C7E1B293A4C006ED46A /* JSSOAuthAccountTool.m in Sources */,
				7F2D92811B2DE28100A8657C /* MKAnnotationView+WebCache.m in Sources */,
				7FD107DB1B256B5E00571CE4 /* JSSItemTool.m in Sources */,
				7FAA88881B2F1B1300C50303 /* NSObject+MJKeyValue.m in Sources */,
				7FD107D31B255B0D00571CE4 /* JSSTest1ViewController.m in Sources */,
				7F2D928E1B2DE28100A8657C /* UIImageView+HighlightedWebCache.m in Sources */,
				7FD107CB1B255B0D00571CE4 /* JSSHomeViewController.m in Sources */,
				7FAA88801B2F1B1300C50303 /* MJConst.m in Sources */,
				7FD107DE1B256DE200571CE4 /* UIBarButtonItem+Extension.m in Sources */,
				7F4E98CA1B2896580081EFB7 /* AFHTTPSessionManager.m in Sources */,
				7FAA887F1B2F1B1300C50303 /* MJArgument.m in Sources */,
				7FD107CA1B255B0D00571CE4 /* JSSDiscoverViewController.m in Sources */,
				7F5F37681B25E73700D285DC /* JSSTitleMenuViewController.m in Sources */,
				7F2D928F1B2DE28100A8657C /* UIImageView+WebCache.m in Sources */,
				7FD107D01B255B0D00571CE4 /* main.m in Sources */,
				7F2D92901B2DE28100A8657C /* UIView+WebCacheOperation.m in Sources */,
				7FAA88661B2F091200C50303 /* JSSUser.m in Sources */,
				7F395C761B292C3A006ED46A /* MBProgressHUD.m in Sources */,
				7F10DAD21B298865000EB915 /* JSSTitleButton.m in Sources */,
				7FAA88821B2F1B1300C50303 /* MJIvar.m in Sources */,
				7FAA88841B2F1B1300C50303 /* MJMethod.m in Sources */,
				7F131D061B36ABB400CEF02F /* JSSToolbar.m in Sources */,
				7F4E98C91B2896580081EFB7 /* AFHTTPRequestOperationManager.m in Sources */,
				7FE130651B37E3F2007A5E09 /* NSDate+Extension.m in Sources */,
				7FEE16001B38466A007A5765 /* JSSStatusPhotoView.m in Sources */,
				7F5F37621B25AD0A00D285DC /* JSSSearchBar.m in Sources */,
				7FD107D71B255B0D00571CE4 /* JSSTest3ViewController.m in Sources */,
				7F2D92861B2DE28100A8657C /* SDWebImageDownloader.m in Sources */,
				7FD107CF1B255B0D00571CE4 /* JSSAppDelegate.m in Sources */,
				7F2D928B1B2DE28100A8657C /* UIImage+GIF.m in Sources */,
				7F5F37651B25DBD000D285DC /* JSSDropDownMenu.m in Sources */,
				7F2D92831B2DE28100A8657C /* SDImageCache.m in Sources */,
				7F2D92821B2DE28100A8657C /* NSData+ImageContentType.m in Sources */,
				7F4E98CB1B2896580081EFB7 /* AFNetworkReachabilityManager.m in Sources */,
				7F2D92891B2DE28100A8657C /* SDWebImagePrefetcher.m in Sources */,
				7FEE15FD1B3829A2007A5765 /* JSSStatusPhotosView.m in Sources */,
				7F2D928C1B2DE28100A8657C /* UIImage+MultiFormat.m in Sources */,
				7F4E98CF1B2896580081EFB7 /* AFURLResponseSerialization.m in Sources */,
				7FD107D51B255B0D00571CE4 /* JSSTest2ViewController.m in Sources */,
			);
			runOnlyForDeploymentPostprocessing = 0;
		};
		7FFD45EC1B24677C00A7F4BF /* Sources */ = {
			isa = PBXSourcesBuildPhase;
			buildActionMask = 2147483647;
			files = (
				7FFD45FE1B24677C00A7F4BF /* ____Tests.m in Sources */,
			);
			runOnlyForDeploymentPostprocessing = 0;
		};
/* End PBXSourcesBuildPhase section */

/* Begin PBXTargetDependency section */
		7FFD45F61B24677C00A7F4BF /* PBXTargetDependency */ = {
			isa = PBXTargetDependency;
			target = 7FFD45CE1B24677C00A7F4BF /* 高仿微博 */;
			targetProxy = 7FFD45F51B24677C00A7F4BF /* PBXContainerItemProxy */;
		};
/* End PBXTargetDependency section */

/* Begin PBXVariantGroup section */
		7FFD45DB1B24677C00A7F4BF /* InfoPlist.strings */ = {
			isa = PBXVariantGroup;
			children = (
				7FFD45DC1B24677C00A7F4BF /* en */,
			);
			name = InfoPlist.strings;
			sourceTree = "<group>";
		};
		7FFD45FA1B24677C00A7F4BF /* InfoPlist.strings */ = {
			isa = PBXVariantGroup;
			children = (
				7FFD45FB1B24677C00A7F4BF /* en */,
			);
			name = InfoPlist.strings;
			sourceTree = "<group>";
		};
/* End PBXVariantGroup section */

/* Begin XCBuildConfiguration section */
		7FFD45FF1B24677C00A7F4BF /* Debug */ = {
			isa = XCBuildConfiguration;
			buildSettings = {
				ALWAYS_SEARCH_USER_PATHS = NO;
				CLANG_CXX_LANGUAGE_STANDARD = "gnu++0x";
				CLANG_CXX_LIBRARY = "libc++";
				CLANG_ENABLE_MODULES = YES;
				CLANG_ENABLE_OBJC_ARC = YES;
				CLANG_WARN_BOOL_CONVERSION = YES;
				CLANG_WARN_CONSTANT_CONVERSION = YES;
				CLANG_WARN_DIRECT_OBJC_ISA_USAGE = YES_ERROR;
				CLANG_WARN_EMPTY_BODY = YES;
				CLANG_WARN_ENUM_CONVERSION = YES;
				CLANG_WARN_INT_CONVERSION = YES;
				CLANG_WARN_OBJC_ROOT_CLASS = YES_ERROR;
				CLANG_WARN__DUPLICATE_METHOD_MATCH = YES;
				"CODE_SIGN_IDENTITY[sdk=iphoneos*]" = "iPhone Developer";
				COPY_PHASE_STRIP = NO;
				GCC_C_LANGUAGE_STANDARD = gnu99;
				GCC_DYNAMIC_NO_PIC = NO;
				GCC_OPTIMIZATION_LEVEL = 0;
				GCC_PREPROCESSOR_DEFINITIONS = (
					"DEBUG=1",
					"$(inherited)",
				);
				GCC_SYMBOLS_PRIVATE_EXTERN = NO;
				GCC_WARN_64_TO_32_BIT_CONVERSION = YES;
				GCC_WARN_ABOUT_RETURN_TYPE = YES_ERROR;
				GCC_WARN_UNDECLARED_SELECTOR = YES;
				GCC_WARN_UNINITIALIZED_AUTOS = YES_AGGRESSIVE;
				GCC_WARN_UNUSED_FUNCTION = YES;
				GCC_WARN_UNUSED_VARIABLE = YES;
				IPHONEOS_DEPLOYMENT_TARGET = 7.1;
				ONLY_ACTIVE_ARCH = YES;
				SDKROOT = iphoneos;
			};
			name = Debug;
		};
		7FFD46001B24677C00A7F4BF /* Release */ = {
			isa = XCBuildConfiguration;
			buildSettings = {
				ALWAYS_SEARCH_USER_PATHS = NO;
				CLANG_CXX_LANGUAGE_STANDARD = "gnu++0x";
				CLANG_CXX_LIBRARY = "libc++";
				CLANG_ENABLE_MODULES = YES;
				CLANG_ENABLE_OBJC_ARC = YES;
				CLANG_WARN_BOOL_CONVERSION = YES;
				CLANG_WARN_CONSTANT_CONVERSION = YES;
				CLANG_WARN_DIRECT_OBJC_ISA_USAGE = YES_ERROR;
				CLANG_WARN_EMPTY_BODY = YES;
				CLANG_WARN_ENUM_CONVERSION = YES;
				CLANG_WARN_INT_CONVERSION = YES;
				CLANG_WARN_OBJC_ROOT_CLASS = YES_ERROR;
				CLANG_WARN__DUPLICATE_METHOD_MATCH = YES;
				"CODE_SIGN_IDENTITY[sdk=iphoneos*]" = "iPhone Developer";
				COPY_PHASE_STRIP = YES;
				ENABLE_NS_ASSERTIONS = NO;
				GCC_C_LANGUAGE_STANDARD = gnu99;
				GCC_WARN_64_TO_32_BIT_CONVERSION = YES;
				GCC_WARN_ABOUT_RETURN_TYPE = YES_ERROR;
				GCC_WARN_UNDECLARED_SELECTOR = YES;
				GCC_WARN_UNINITIALIZED_AUTOS = YES_AGGRESSIVE;
				GCC_WARN_UNUSED_FUNCTION = YES;
				GCC_WARN_UNUSED_VARIABLE = YES;
				IPHONEOS_DEPLOYMENT_TARGET = 7.1;
				SDKROOT = iphoneos;
				VALIDATE_PRODUCT = YES;
			};
			name = Release;
		};
		7FFD46021B24677C00A7F4BF /* Debug */ = {
			isa = XCBuildConfiguration;
			buildSettings = {
				ASSETCATALOG_COMPILER_APPICON_NAME = AppIcon;
				ASSETCATALOG_COMPILER_LAUNCHIMAGE_NAME = LaunchImage;
				GCC_PRECOMPILE_PREFIX_HEADER = YES;
				GCC_PREFIX_HEADER = "高仿微博/高仿微博-Prefix.pch";
				INFOPLIST_FILE = "高仿微博/高仿微博-Info.plist";
				PRODUCT_NAME = "$(TARGET_NAME)";
				WRAPPER_EXTENSION = app;
			};
			name = Debug;
		};
		7FFD46031B24677C00A7F4BF /* Release */ = {
			isa = XCBuildConfiguration;
			buildSettings = {
				ASSETCATALOG_COMPILER_APPICON_NAME = AppIcon;
				ASSETCATALOG_COMPILER_LAUNCHIMAGE_NAME = LaunchImage;
				GCC_PRECOMPILE_PREFIX_HEADER = YES;
				GCC_PREFIX_HEADER = "高仿微博/高仿微博-Prefix.pch";
				INFOPLIST_FILE = "高仿微博/高仿微博-Info.plist";
				PRODUCT_NAME = "$(TARGET_NAME)";
				WRAPPER_EXTENSION = app;
			};
			name = Release;
		};
		7FFD46051B24677C00A7F4BF /* Debug */ = {
			isa = XCBuildConfiguration;
			buildSettings = {
				BUNDLE_LOADER = "$(BUILT_PRODUCTS_DIR)/高仿微博.app/高仿微博";
				FRAMEWORK_SEARCH_PATHS = (
					"$(SDKROOT)/Developer/Library/Frameworks",
					"$(inherited)",
					"$(DEVELOPER_FRAMEWORKS_DIR)",
				);
				GCC_PRECOMPILE_PREFIX_HEADER = YES;
				GCC_PREFIX_HEADER = "高仿微博/高仿微博-Prefix.pch";
				GCC_PREPROCESSOR_DEFINITIONS = (
					"DEBUG=1",
					"$(inherited)",
				);
				INFOPLIST_FILE = "高仿微博Tests/高仿微博Tests-Info.plist";
				PRODUCT_NAME = "$(TARGET_NAME)";
				TEST_HOST = "$(BUNDLE_LOADER)";
				WRAPPER_EXTENSION = xctest;
			};
			name = Debug;
		};
		7FFD46061B24677C00A7F4BF /* Release */ = {
			isa = XCBuildConfiguration;
			buildSettings = {
				BUNDLE_LOADER = "$(BUILT_PRODUCTS_DIR)/高仿微博.app/高仿微博";
				FRAMEWORK_SEARCH_PATHS = (
					"$(SDKROOT)/Developer/Library/Frameworks",
					"$(inherited)",
					"$(DEVELOPER_FRAMEWORKS_DIR)",
				);
				GCC_PRECOMPILE_PREFIX_HEADER = YES;
				GCC_PREFIX_HEADER = "高仿微博/高仿微博-Prefix.pch";
				INFOPLIST_FILE = "高仿微博Tests/高仿微博Tests-Info.plist";
				PRODUCT_NAME = "$(TARGET_NAME)";
				TEST_HOST = "$(BUNDLE_LOADER)";
				WRAPPER_EXTENSION = xctest;
			};
			name = Release;
		};
/* End XCBuildConfiguration section */

/* Begin XCConfigurationList section */
		7FFD45CA1B24677C00A7F4BF /* Build configuration list for PBXProject "高仿微博" */ = {
			isa = XCConfigurationList;
			buildConfigurations = (
				7FFD45FF1B24677C00A7F4BF /* Debug */,
				7FFD46001B24677C00A7F4BF /* Release */,
			);
			defaultConfigurationIsVisible = 0;
			defaultConfigurationName = Release;
		};
		7FFD46011B24677C00A7F4BF /* Build configuration list for PBXNativeTarget "高仿微博" */ = {
			isa = XCConfigurationList;
			buildConfigurations = (
				7FFD46021B24677C00A7F4BF /* Debug */,
				7FFD46031B24677C00A7F4BF /* Release */,
			);
			defaultConfigurationIsVisible = 0;
			defaultConfigurationName = Release;
		};
		7FFD46041B24677C00A7F4BF /* Build configuration list for PBXNativeTarget "高仿微博Tests" */ = {
			isa = XCConfigurationList;
			buildConfigurations = (
				7FFD46051B24677C00A7F4BF /* Debug */,
				7FFD46061B24677C00A7F4BF /* Release */,
			);
			defaultConfigurationIsVisible = 0;
			defaultConfigurationName = Release;
		};
/* End XCConfigurationList section */
	};
	rootObject = 7FFD45C71B24677C00A7F4BF /* Project object */;
}
